// !$*UTF8*$!
{
	archiveVersion = 1;
	classes = {
	};
	objectVersion = 46;
	objects = {

/* Begin PBXBuildFile section */
		4B0827AF1CD4016500A28F1C /* PamViewController.swift in Sources */ = {isa = PBXBuildFile; fileRef = 4B0827AE1CD4016500A28F1C /* PamViewController.swift */; };
		4B0827B11CD4031C00A28F1C /* PamHeaderView.swift in Sources */ = {isa = PBXBuildFile; fileRef = 4B0827B01CD4031C00A28F1C /* PamHeaderView.swift */; };
		4B0827B31CD4040C00A28F1C /* PamCollectionViewCell.swift in Sources */ = {isa = PBXBuildFile; fileRef = 4B0827B21CD4040C00A28F1C /* PamCollectionViewCell.swift */; };
		4B0827BF1CD420A300A28F1C /* PamIntroViewContoller.swift in Sources */ = {isa = PBXBuildFile; fileRef = 4B0827BE1CD420A300A28F1C /* PamIntroViewContoller.swift */; };
		4B6E6D661E0DD66000190F0F /* Constants.swift in Sources */ = {isa = PBXBuildFile; fileRef = 4B6E6D651E0DD66000190F0F /* Constants.swift */; };
		4B6E6D681E0DDA7B00190F0F /* Extensions.swift in Sources */ = {isa = PBXBuildFile; fileRef = 4B6E6D671E0DDA7B00190F0F /* Extensions.swift */; };
		4B6E6D6A1E0DDB1A00190F0F /* WeekendIntroViewController.swift in Sources */ = {isa = PBXBuildFile; fileRef = 4B6E6D691E0DDB1A00190F0F /* WeekendIntroViewController.swift */; };
		4B6E6D6D1E0DDC5F00190F0F /* SurveyViewController.swift in Sources */ = {isa = PBXBuildFile; fileRef = 4B6E6D6C1E0DDC5F00190F0F /* SurveyViewController.swift */; };
		4B6E6D6F1E0DDCBC00190F0F /* WeekdayIntroViewContoller.swift in Sources */ = {isa = PBXBuildFile; fileRef = 4B6E6D6E1E0DDCBC00190F0F /* WeekdayIntroViewContoller.swift */; };
		4B88C79C1C7B9F2D003F3397 /* Interface.storyboard in Resources */ = {isa = PBXBuildFile; fileRef = 4B88C79A1C7B9F2D003F3397 /* Interface.storyboard */; };
		4B88C79E1C7B9F2D003F3397 /* Assets.xcassets in Resources */ = {isa = PBXBuildFile; fileRef = 4B88C79D1C7B9F2D003F3397 /* Assets.xcassets */; };
		4B88C7A51C7B9F2E003F3397 /* watch Extension.appex in Embed App Extensions */ = {isa = PBXBuildFile; fileRef = 4B88C7A41C7B9F2E003F3397 /* watch Extension.appex */; settings = {ATTRIBUTES = (RemoveHeadersOnCopy, ); }; };
		4B88C7AC1C7B9F2E003F3397 /* InterfaceController.swift in Sources */ = {isa = PBXBuildFile; fileRef = 4B88C7AB1C7B9F2E003F3397 /* InterfaceController.swift */; };
		4B88C7AE1C7B9F2E003F3397 /* ExtensionDelegate.swift in Sources */ = {isa = PBXBuildFile; fileRef = 4B88C7AD1C7B9F2E003F3397 /* ExtensionDelegate.swift */; };
		4B88C7B01C7B9F2E003F3397 /* NotificationController.swift in Sources */ = {isa = PBXBuildFile; fileRef = 4B88C7AF1C7B9F2E003F3397 /* NotificationController.swift */; };
		4B88C7B21C7B9F2E003F3397 /* Assets.xcassets in Resources */ = {isa = PBXBuildFile; fileRef = 4B88C7B11C7B9F2E003F3397 /* Assets.xcassets */; };
		4B88C7B61C7B9F2E003F3397 /* watch.app in Embed Watch Content */ = {isa = PBXBuildFile; fileRef = 4B88C7981C7B9F2D003F3397 /* watch.app */; };
		4BADFCA61CC8239800B949D2 /* WithdrawViewController.swift in Sources */ = {isa = PBXBuildFile; fileRef = 4BADFCA51CC8239800B949D2 /* WithdrawViewController.swift */; };
		4BADFCAA1CC8243100B949D2 /* ActivityViewController.swift in Sources */ = {isa = PBXBuildFile; fileRef = 4BADFCA91CC8243100B949D2 /* ActivityViewController.swift */; };
		4BADFCAC1CC8247800B949D2 /* StudyTasks.swift in Sources */ = {isa = PBXBuildFile; fileRef = 4BADFCAB1CC8247800B949D2 /* StudyTasks.swift */; };
		4BADFCAF1CC825CC00B949D2 /* ConsentDocument.swift in Sources */ = {isa = PBXBuildFile; fileRef = 4BADFCAE1CC825CC00B949D2 /* ConsentDocument.swift */; };
		4BADFCB31CC827C900B949D2 /* OnboardingViewController.swift in Sources */ = {isa = PBXBuildFile; fileRef = 4BADFCB21CC827C900B949D2 /* OnboardingViewController.swift */; };
		4BADFCB51CC8281B00B949D2 /* LoginViewController.swift in Sources */ = {isa = PBXBuildFile; fileRef = 4BADFCB41CC8281B00B949D2 /* LoginViewController.swift */; };
		4BADFCB71CC8287C00B949D2 /* ViewController.swift in Sources */ = {isa = PBXBuildFile; fileRef = 4BADFCB61CC8287C00B949D2 /* ViewController.swift */; };
		4BADFCB91CC8298800B949D2 /* ResearchContainerSegue.swift in Sources */ = {isa = PBXBuildFile; fileRef = 4BADFCB81CC8298800B949D2 /* ResearchContainerSegue.swift */; };
		4BADFCBC1CC83C7600B949D2 /* ProfileViewController.swift in Sources */ = {isa = PBXBuildFile; fileRef = 4BADFCBB1CC83C7600B949D2 /* ProfileViewController.swift */; };
		4BADFCBE1CC83CBB00B949D2 /* ProfileHeaderView.swift in Sources */ = {isa = PBXBuildFile; fileRef = 4BADFCBD1CC83CBB00B949D2 /* ProfileHeaderView.swift */; };
		4BADFCC01CC83CE600B949D2 /* ProfileStaticTableViewCell.swift in Sources */ = {isa = PBXBuildFile; fileRef = 4BADFCBF1CC83CE600B949D2 /* ProfileStaticTableViewCell.swift */; };
		4BB8B3121BC81FCD0056324B /* AppDelegate.swift in Sources */ = {isa = PBXBuildFile; fileRef = 4BB8B3111BC81FCD0056324B /* AppDelegate.swift */; };
		4BB8B3171BC81FCD0056324B /* Main.storyboard in Resources */ = {isa = PBXBuildFile; fileRef = 4BB8B3151BC81FCD0056324B /* Main.storyboard */; };
		4BB8B31A1BC81FCD0056324B /* ema.xcdatamodeld in Sources */ = {isa = PBXBuildFile; fileRef = 4BB8B3181BC81FCD0056324B /* ema.xcdatamodeld */; };
		4BB8B31C1BC81FCD0056324B /* Assets.xcassets in Resources */ = {isa = PBXBuildFile; fileRef = 4BB8B31B1BC81FCD0056324B /* Assets.xcassets */; };
		4BB8B31F1BC81FCD0056324B /* LaunchScreen.storyboard in Resources */ = {isa = PBXBuildFile; fileRef = 4BB8B31D1BC81FCD0056324B /* LaunchScreen.storyboard */; };
		4BB8B32A1BC81FCD0056324B /* emaTests.swift in Sources */ = {isa = PBXBuildFile; fileRef = 4BB8B3291BC81FCD0056324B /* emaTests.swift */; };
		4BB8B3351BC81FCD0056324B /* emaUITests.swift in Sources */ = {isa = PBXBuildFile; fileRef = 4BB8B3341BC81FCD0056324B /* emaUITests.swift */; };
		4BBF37E31E255EAB005A1CE5 /* Consent_DataGathering.html in Resources */ = {isa = PBXBuildFile; fileRef = 4BBF37DE1E255EAB005A1CE5 /* Consent_DataGathering.html */; };
		4BBF37E41E255EAB005A1CE5 /* Consent_DataUse.html in Resources */ = {isa = PBXBuildFile; fileRef = 4BBF37DF1E255EAB005A1CE5 /* Consent_DataUse.html */; };
		4BBF37E51E255EAB005A1CE5 /* Consent_Privacy.html in Resources */ = {isa = PBXBuildFile; fileRef = 4BBF37E01E255EAB005A1CE5 /* Consent_Privacy.html */; };
		4BBF37E61E255EAB005A1CE5 /* Consent_Welcome.html in Resources */ = {isa = PBXBuildFile; fileRef = 4BBF37E11E255EAB005A1CE5 /* Consent_Welcome.html */; };
		4BBF37E71E255EAB005A1CE5 /* Consent_Withdrawing.html in Resources */ = {isa = PBXBuildFile; fileRef = 4BBF37E21E255EAB005A1CE5 /* Consent_Withdrawing.html */; };
		4BBF37E91E255ED2005A1CE5 /* ConsentUtils.swift in Sources */ = {isa = PBXBuildFile; fileRef = 4BBF37E81E255ED2005A1CE5 /* ConsentUtils.swift */; };
		750ECA936C67394CD628A9C7 /* Pods_emaTests.framework in Frameworks */ = {isa = PBXBuildFile; fileRef = 486F17A8982D89CD597F65A0 /* Pods_emaTests.framework */; };
		C091BD2A42EBA3FC4E9E4726 /* Pods_ema.framework in Frameworks */ = {isa = PBXBuildFile; fileRef = 1E3F57F15BA21E936A08D031 /* Pods_ema.framework */; };
/* End PBXBuildFile section */

/* Begin PBXContainerItemProxy section */
		4B88C7A61C7B9F2E003F3397 /* PBXContainerItemProxy */ = {
			isa = PBXContainerItemProxy;
			containerPortal = 4BB8B3061BC81FCD0056324B /* Project object */;
			proxyType = 1;
			remoteGlobalIDString = 4B88C7A31C7B9F2E003F3397;
			remoteInfo = "watch Extension";
		};
		4B88C7B41C7B9F2E003F3397 /* PBXContainerItemProxy */ = {
			isa = PBXContainerItemProxy;
			containerPortal = 4BB8B3061BC81FCD0056324B /* Project object */;
			proxyType = 1;
			remoteGlobalIDString = 4B88C7971C7B9F2D003F3397;
			remoteInfo = watch;
		};
		4BB8B3261BC81FCD0056324B /* PBXContainerItemProxy */ = {
			isa = PBXContainerItemProxy;
			containerPortal = 4BB8B3061BC81FCD0056324B /* Project object */;
			proxyType = 1;
			remoteGlobalIDString = 4BB8B30D1BC81FCD0056324B;
			remoteInfo = ema;
		};
		4BB8B3311BC81FCD0056324B /* PBXContainerItemProxy */ = {
			isa = PBXContainerItemProxy;
			containerPortal = 4BB8B3061BC81FCD0056324B /* Project object */;
			proxyType = 1;
			remoteGlobalIDString = 4BB8B30D1BC81FCD0056324B;
			remoteInfo = ema;
		};
/* End PBXContainerItemProxy section */

/* Begin PBXCopyFilesBuildPhase section */
		4B88C7BA1C7B9F2E003F3397 /* Embed App Extensions */ = {
			isa = PBXCopyFilesBuildPhase;
			buildActionMask = 2147483647;
			dstPath = "";
			dstSubfolderSpec = 13;
			files = (
				4B88C7A51C7B9F2E003F3397 /* watch Extension.appex in Embed App Extensions */,
			);
			name = "Embed App Extensions";
			runOnlyForDeploymentPostprocessing = 0;
		};
		4B88C7BE1C7B9F2E003F3397 /* Embed Watch Content */ = {
			isa = PBXCopyFilesBuildPhase;
			buildActionMask = 2147483647;
			dstPath = "$(CONTENTS_FOLDER_PATH)/Watch";
			dstSubfolderSpec = 16;
			files = (
				4B88C7B61C7B9F2E003F3397 /* watch.app in Embed Watch Content */,
			);
			name = "Embed Watch Content";
			runOnlyForDeploymentPostprocessing = 0;
		};
		4BB156E21C7E5183002A1EAA /* Embed Frameworks */ = {
			isa = PBXCopyFilesBuildPhase;
			buildActionMask = 2147483647;
			dstPath = "";
			dstSubfolderSpec = 10;
			files = (
			);
			name = "Embed Frameworks";
			runOnlyForDeploymentPostprocessing = 0;
		};
/* End PBXCopyFilesBuildPhase section */

/* Begin PBXFileReference section */
		1E3F57F15BA21E936A08D031 /* Pods_ema.framework */ = {isa = PBXFileReference; explicitFileType = wrapper.framework; includeInIndex = 0; path = Pods_ema.framework; sourceTree = BUILT_PRODUCTS_DIR; };
		486F17A8982D89CD597F65A0 /* Pods_emaTests.framework */ = {isa = PBXFileReference; explicitFileType = wrapper.framework; includeInIndex = 0; path = Pods_emaTests.framework; sourceTree = BUILT_PRODUCTS_DIR; };
		4B0827AE1CD4016500A28F1C /* PamViewController.swift */ = {isa = PBXFileReference; fileEncoding = 4; lastKnownFileType = sourcecode.swift; path = PamViewController.swift; sourceTree = "<group>"; };
		4B0827B01CD4031C00A28F1C /* PamHeaderView.swift */ = {isa = PBXFileReference; fileEncoding = 4; lastKnownFileType = sourcecode.swift; path = PamHeaderView.swift; sourceTree = "<group>"; };
		4B0827B21CD4040C00A28F1C /* PamCollectionViewCell.swift */ = {isa = PBXFileReference; fileEncoding = 4; lastKnownFileType = sourcecode.swift; path = PamCollectionViewCell.swift; sourceTree = "<group>"; };
		4B0827BE1CD420A300A28F1C /* PamIntroViewContoller.swift */ = {isa = PBXFileReference; fileEncoding = 4; lastKnownFileType = sourcecode.swift; path = PamIntroViewContoller.swift; sourceTree = "<group>"; };
		4B6E6D651E0DD66000190F0F /* Constants.swift */ = {isa = PBXFileReference; fileEncoding = 4; lastKnownFileType = sourcecode.swift; path = Constants.swift; sourceTree = "<group>"; };
		4B6E6D671E0DDA7B00190F0F /* Extensions.swift */ = {isa = PBXFileReference; fileEncoding = 4; lastKnownFileType = sourcecode.swift; path = Extensions.swift; sourceTree = "<group>"; };
		4B6E6D691E0DDB1A00190F0F /* WeekendIntroViewController.swift */ = {isa = PBXFileReference; fileEncoding = 4; lastKnownFileType = sourcecode.swift; path = WeekendIntroViewController.swift; sourceTree = "<group>"; };
		4B6E6D6C1E0DDC5F00190F0F /* SurveyViewController.swift */ = {isa = PBXFileReference; fileEncoding = 4; lastKnownFileType = sourcecode.swift; path = SurveyViewController.swift; sourceTree = "<group>"; };
		4B6E6D6E1E0DDCBC00190F0F /* WeekdayIntroViewContoller.swift */ = {isa = PBXFileReference; fileEncoding = 4; lastKnownFileType = sourcecode.swift; path = WeekdayIntroViewContoller.swift; sourceTree = "<group>"; };
		4B88C7981C7B9F2D003F3397 /* watch.app */ = {isa = PBXFileReference; explicitFileType = wrapper.application; includeInIndex = 0; path = watch.app; sourceTree = BUILT_PRODUCTS_DIR; };
		4B88C79B1C7B9F2D003F3397 /* Base */ = {isa = PBXFileReference; lastKnownFileType = file.storyboard; name = Base; path = Base.lproj/Interface.storyboard; sourceTree = "<group>"; };
		4B88C79D1C7B9F2D003F3397 /* Assets.xcassets */ = {isa = PBXFileReference; lastKnownFileType = folder.assetcatalog; path = Assets.xcassets; sourceTree = "<group>"; };
		4B88C79F1C7B9F2D003F3397 /* Info.plist */ = {isa = PBXFileReference; lastKnownFileType = text.plist.xml; path = Info.plist; sourceTree = "<group>"; };
		4B88C7A41C7B9F2E003F3397 /* watch Extension.appex */ = {isa = PBXFileReference; explicitFileType = "wrapper.app-extension"; includeInIndex = 0; path = "watch Extension.appex"; sourceTree = BUILT_PRODUCTS_DIR; };
		4B88C7AA1C7B9F2E003F3397 /* PushNotificationPayload.apns */ = {isa = PBXFileReference; lastKnownFileType = text; path = PushNotificationPayload.apns; sourceTree = "<group>"; };
		4B88C7AB1C7B9F2E003F3397 /* InterfaceController.swift */ = {isa = PBXFileReference; lastKnownFileType = sourcecode.swift; path = InterfaceController.swift; sourceTree = "<group>"; };
		4B88C7AD1C7B9F2E003F3397 /* ExtensionDelegate.swift */ = {isa = PBXFileReference; lastKnownFileType = sourcecode.swift; path = ExtensionDelegate.swift; sourceTree = "<group>"; };
		4B88C7AF1C7B9F2E003F3397 /* NotificationController.swift */ = {isa = PBXFileReference; lastKnownFileType = sourcecode.swift; path = NotificationController.swift; sourceTree = "<group>"; };
		4B88C7B11C7B9F2E003F3397 /* Assets.xcassets */ = {isa = PBXFileReference; lastKnownFileType = folder.assetcatalog; path = Assets.xcassets; sourceTree = "<group>"; };
		4B88C7B31C7B9F2E003F3397 /* Info.plist */ = {isa = PBXFileReference; lastKnownFileType = text.plist.xml; path = Info.plist; sourceTree = "<group>"; };
		4BADFCA51CC8239800B949D2 /* WithdrawViewController.swift */ = {isa = PBXFileReference; fileEncoding = 4; lastKnownFileType = sourcecode.swift; path = WithdrawViewController.swift; sourceTree = "<group>"; };
		4BADFCA91CC8243100B949D2 /* ActivityViewController.swift */ = {isa = PBXFileReference; fileEncoding = 4; lastKnownFileType = sourcecode.swift; path = ActivityViewController.swift; sourceTree = "<group>"; };
		4BADFCAB1CC8247800B949D2 /* StudyTasks.swift */ = {isa = PBXFileReference; fileEncoding = 4; lastKnownFileType = sourcecode.swift; path = StudyTasks.swift; sourceTree = "<group>"; };
		4BADFCAE1CC825CC00B949D2 /* ConsentDocument.swift */ = {isa = PBXFileReference; fileEncoding = 4; lastKnownFileType = sourcecode.swift; path = ConsentDocument.swift; sourceTree = "<group>"; };
		4BADFCB21CC827C900B949D2 /* OnboardingViewController.swift */ = {isa = PBXFileReference; fileEncoding = 4; lastKnownFileType = sourcecode.swift; path = OnboardingViewController.swift; sourceTree = "<group>"; };
		4BADFCB41CC8281B00B949D2 /* LoginViewController.swift */ = {isa = PBXFileReference; fileEncoding = 4; lastKnownFileType = sourcecode.swift; path = LoginViewController.swift; sourceTree = "<group>"; };
		4BADFCB61CC8287C00B949D2 /* ViewController.swift */ = {isa = PBXFileReference; fileEncoding = 4; lastKnownFileType = sourcecode.swift; path = ViewController.swift; sourceTree = "<group>"; };
		4BADFCB81CC8298800B949D2 /* ResearchContainerSegue.swift */ = {isa = PBXFileReference; fileEncoding = 4; lastKnownFileType = sourcecode.swift; path = ResearchContainerSegue.swift; sourceTree = "<group>"; };
		4BADFCBB1CC83C7600B949D2 /* ProfileViewController.swift */ = {isa = PBXFileReference; fileEncoding = 4; lastKnownFileType = sourcecode.swift; path = ProfileViewController.swift; sourceTree = "<group>"; };
		4BADFCBD1CC83CBB00B949D2 /* ProfileHeaderView.swift */ = {isa = PBXFileReference; fileEncoding = 4; lastKnownFileType = sourcecode.swift; path = ProfileHeaderView.swift; sourceTree = "<group>"; };
		4BADFCBF1CC83CE600B949D2 /* ProfileStaticTableViewCell.swift */ = {isa = PBXFileReference; fileEncoding = 4; lastKnownFileType = sourcecode.swift; path = ProfileStaticTableViewCell.swift; sourceTree = "<group>"; };
		4BB8B30E1BC81FCD0056324B /* Pam.app */ = {isa = PBXFileReference; explicitFileType = wrapper.application; includeInIndex = 0; path = Pam.app; sourceTree = BUILT_PRODUCTS_DIR; };
		4BB8B3111BC81FCD0056324B /* AppDelegate.swift */ = {isa = PBXFileReference; lastKnownFileType = sourcecode.swift; path = AppDelegate.swift; sourceTree = "<group>"; };
		4BB8B3161BC81FCD0056324B /* Base */ = {isa = PBXFileReference; lastKnownFileType = file.storyboard; name = Base; path = Base.lproj/Main.storyboard; sourceTree = "<group>"; };
		4BB8B3191BC81FCD0056324B /* ema.xcdatamodel */ = {isa = PBXFileReference; lastKnownFileType = wrapper.xcdatamodel; path = ema.xcdatamodel; sourceTree = "<group>"; };
		4BB8B31B1BC81FCD0056324B /* Assets.xcassets */ = {isa = PBXFileReference; lastKnownFileType = folder.assetcatalog; path = Assets.xcassets; sourceTree = "<group>"; };
		4BB8B31E1BC81FCD0056324B /* Base */ = {isa = PBXFileReference; lastKnownFileType = file.storyboard; name = Base; path = Base.lproj/LaunchScreen.storyboard; sourceTree = "<group>"; };
		4BB8B3201BC81FCD0056324B /* Info.plist */ = {isa = PBXFileReference; lastKnownFileType = text.plist.xml; path = Info.plist; sourceTree = "<group>"; };
		4BB8B3251BC81FCD0056324B /* emaTests.xctest */ = {isa = PBXFileReference; explicitFileType = wrapper.cfbundle; includeInIndex = 0; path = emaTests.xctest; sourceTree = BUILT_PRODUCTS_DIR; };
		4BB8B3291BC81FCD0056324B /* emaTests.swift */ = {isa = PBXFileReference; lastKnownFileType = sourcecode.swift; path = emaTests.swift; sourceTree = "<group>"; };
		4BB8B32B1BC81FCD0056324B /* Info.plist */ = {isa = PBXFileReference; lastKnownFileType = text.plist.xml; path = Info.plist; sourceTree = "<group>"; };
		4BB8B3301BC81FCD0056324B /* emaUITests.xctest */ = {isa = PBXFileReference; explicitFileType = wrapper.cfbundle; includeInIndex = 0; path = emaUITests.xctest; sourceTree = BUILT_PRODUCTS_DIR; };
		4BB8B3341BC81FCD0056324B /* emaUITests.swift */ = {isa = PBXFileReference; lastKnownFileType = sourcecode.swift; path = emaUITests.swift; sourceTree = "<group>"; };
		4BB8B3361BC81FCD0056324B /* Info.plist */ = {isa = PBXFileReference; lastKnownFileType = text.plist.xml; path = Info.plist; sourceTree = "<group>"; };
		4BBF37DE1E255EAB005A1CE5 /* Consent_DataGathering.html */ = {isa = PBXFileReference; fileEncoding = 4; lastKnownFileType = text.html; path = Consent_DataGathering.html; sourceTree = "<group>"; };
		4BBF37DF1E255EAB005A1CE5 /* Consent_DataUse.html */ = {isa = PBXFileReference; fileEncoding = 4; lastKnownFileType = text.html; path = Consent_DataUse.html; sourceTree = "<group>"; };
		4BBF37E01E255EAB005A1CE5 /* Consent_Privacy.html */ = {isa = PBXFileReference; fileEncoding = 4; lastKnownFileType = text.html; path = Consent_Privacy.html; sourceTree = "<group>"; };
		4BBF37E11E255EAB005A1CE5 /* Consent_Welcome.html */ = {isa = PBXFileReference; fileEncoding = 4; lastKnownFileType = text.html; path = Consent_Welcome.html; sourceTree = "<group>"; };
		4BBF37E21E255EAB005A1CE5 /* Consent_Withdrawing.html */ = {isa = PBXFileReference; fileEncoding = 4; lastKnownFileType = text.html; path = Consent_Withdrawing.html; sourceTree = "<group>"; };
		4BBF37E81E255ED2005A1CE5 /* ConsentUtils.swift */ = {isa = PBXFileReference; fileEncoding = 4; lastKnownFileType = sourcecode.swift; path = ConsentUtils.swift; sourceTree = "<group>"; };
		4FAD9869122A50098C6A638A /* Pods-ema.release.xcconfig */ = {isa = PBXFileReference; includeInIndex = 1; lastKnownFileType = text.xcconfig; name = "Pods-ema.release.xcconfig"; path = "Pods/Target Support Files/Pods-ema/Pods-ema.release.xcconfig"; sourceTree = "<group>"; };
		5291CAD881994397BB76D6D6 /* Pods-emaTests.debug.xcconfig */ = {isa = PBXFileReference; includeInIndex = 1; lastKnownFileType = text.xcconfig; name = "Pods-emaTests.debug.xcconfig"; path = "Pods/Target Support Files/Pods-emaTests/Pods-emaTests.debug.xcconfig"; sourceTree = "<group>"; };
		729A669ADC560FCEC224B71A /* Pods-emaTests.release.xcconfig */ = {isa = PBXFileReference; includeInIndex = 1; lastKnownFileType = text.xcconfig; name = "Pods-emaTests.release.xcconfig"; path = "Pods/Target Support Files/Pods-emaTests/Pods-emaTests.release.xcconfig"; sourceTree = "<group>"; };
		9F1CB626265337935E9D449A /* Pods-ema.debug.xcconfig */ = {isa = PBXFileReference; includeInIndex = 1; lastKnownFileType = text.xcconfig; name = "Pods-ema.debug.xcconfig"; path = "Pods/Target Support Files/Pods-ema/Pods-ema.debug.xcconfig"; sourceTree = "<group>"; };
/* End PBXFileReference section */

/* Begin PBXFrameworksBuildPhase section */
		4B88C7A11C7B9F2E003F3397 /* Frameworks */ = {
			isa = PBXFrameworksBuildPhase;
			buildActionMask = 2147483647;
			files = (
			);
			runOnlyForDeploymentPostprocessing = 0;
		};
		4BB8B30B1BC81FCD0056324B /* Frameworks */ = {
			isa = PBXFrameworksBuildPhase;
			buildActionMask = 2147483647;
			files = (
				C091BD2A42EBA3FC4E9E4726 /* Pods_ema.framework in Frameworks */,
			);
			runOnlyForDeploymentPostprocessing = 0;
		};
		4BB8B3221BC81FCD0056324B /* Frameworks */ = {
			isa = PBXFrameworksBuildPhase;
			buildActionMask = 2147483647;
			files = (
				750ECA936C67394CD628A9C7 /* Pods_emaTests.framework in Frameworks */,
			);
			runOnlyForDeploymentPostprocessing = 0;
		};
		4BB8B32D1BC81FCD0056324B /* Frameworks */ = {
			isa = PBXFrameworksBuildPhase;
			buildActionMask = 2147483647;
			files = (
			);
			runOnlyForDeploymentPostprocessing = 0;
		};
		AADB147B41AA7CD2E2F86529 /* Frameworks */ = {
			isa = PBXFrameworksBuildPhase;
			buildActionMask = 2147483647;
			files = (
			);
			runOnlyForDeploymentPostprocessing = 0;
		};
/* End PBXFrameworksBuildPhase section */

/* Begin PBXGroup section */
		20D2ECB310CEE28B9003E059 /* Frameworks */ = {
			isa = PBXGroup;
			children = (
				1E3F57F15BA21E936A08D031 /* Pods_ema.framework */,
				486F17A8982D89CD597F65A0 /* Pods_emaTests.framework */,
			);
			name = Frameworks;
			sourceTree = "<group>";
		};
		4B6E6D6B1E0DDB4D00190F0F /* Survey */ = {
			isa = PBXGroup;
			children = (
				4B6E6D6C1E0DDC5F00190F0F /* SurveyViewController.swift */,
			);
			name = Survey;
			sourceTree = "<group>";
		};
		4B88C7991C7B9F2D003F3397 /* watch */ = {
			isa = PBXGroup;
			children = (
				4B88C79A1C7B9F2D003F3397 /* Interface.storyboard */,
				4B88C79D1C7B9F2D003F3397 /* Assets.xcassets */,
				4B88C79F1C7B9F2D003F3397 /* Info.plist */,
			);
			path = watch;
			sourceTree = "<group>";
		};
		4B88C7A81C7B9F2E003F3397 /* watch Extension */ = {
			isa = PBXGroup;
			children = (
				4B88C7AB1C7B9F2E003F3397 /* InterfaceController.swift */,
				4B88C7AD1C7B9F2E003F3397 /* ExtensionDelegate.swift */,
				4B88C7AF1C7B9F2E003F3397 /* NotificationController.swift */,
				4B88C7B11C7B9F2E003F3397 /* Assets.xcassets */,
				4B88C7B31C7B9F2E003F3397 /* Info.plist */,
				4B88C7A91C7B9F2E003F3397 /* Supporting Files */,
			);
			path = "watch Extension";
			sourceTree = "<group>";
		};
		4B88C7A91C7B9F2E003F3397 /* Supporting Files */ = {
			isa = PBXGroup;
			children = (
				4B88C7AA1C7B9F2E003F3397 /* PushNotificationPayload.apns */,
			);
			name = "Supporting Files";
			sourceTree = "<group>";
		};
		4BADFCA11CC8235A00B949D2 /* Withdrawl */ = {
			isa = PBXGroup;
			children = (
				4BADFCA51CC8239800B949D2 /* WithdrawViewController.swift */,
			);
			name = Withdrawl;
			sourceTree = "<group>";
		};
		4BADFCA71CC823B700B949D2 /* Profile */ = {
			isa = PBXGroup;
			children = (
				4BADFCBB1CC83C7600B949D2 /* ProfileViewController.swift */,
				4BADFCBD1CC83CBB00B949D2 /* ProfileHeaderView.swift */,
				4BADFCBF1CC83CE600B949D2 /* ProfileStaticTableViewCell.swift */,
			);
			name = Profile;
			sourceTree = "<group>";
		};
		4BADFCA81CC823D700B949D2 /* Activities */ = {
			isa = PBXGroup;
			children = (
				4BADFCA91CC8243100B949D2 /* ActivityViewController.swift */,
				4BADFCAB1CC8247800B949D2 /* StudyTasks.swift */,
				4B0827AE1CD4016500A28F1C /* PamViewController.swift */,
				4B0827B01CD4031C00A28F1C /* PamHeaderView.swift */,
				4B0827B21CD4040C00A28F1C /* PamCollectionViewCell.swift */,
				4B0827BE1CD420A300A28F1C /* PamIntroViewContoller.swift */,
				4B6E6D691E0DDB1A00190F0F /* WeekendIntroViewController.swift */,
				4B6E6D6E1E0DDCBC00190F0F /* WeekdayIntroViewContoller.swift */,
			);
			name = Activities;
			sourceTree = "<group>";
		};
		4BADFCAD1CC824D500B949D2 /* Consent */ = {
			isa = PBXGroup;
			children = (
				4BBF37DE1E255EAB005A1CE5 /* Consent_DataGathering.html */,
				4BBF37DF1E255EAB005A1CE5 /* Consent_DataUse.html */,
				4BBF37E01E255EAB005A1CE5 /* Consent_Privacy.html */,
				4BBF37E11E255EAB005A1CE5 /* Consent_Welcome.html */,
				4BBF37E21E255EAB005A1CE5 /* Consent_Withdrawing.html */,
				4BADFCAE1CC825CC00B949D2 /* ConsentDocument.swift */,
				4BBF37E81E255ED2005A1CE5 /* ConsentUtils.swift */,
			);
			name = Consent;
			sourceTree = "<group>";
		};
		4BADFCB11CC8272200B949D2 /* Onboarding */ = {
			isa = PBXGroup;
			children = (
				4BADFCB21CC827C900B949D2 /* OnboardingViewController.swift */,
				4BADFCB41CC8281B00B949D2 /* LoginViewController.swift */,
			);
			name = Onboarding;
			sourceTree = "<group>";
		};
		4BB8B3051BC81FCD0056324B = {
			isa = PBXGroup;
			children = (
				4BB8B3101BC81FCD0056324B /* ema */,
				4BB8B3281BC81FCD0056324B /* emaTests */,
				4BB8B3331BC81FCD0056324B /* emaUITests */,
				4B88C7991C7B9F2D003F3397 /* watch */,
				4B88C7A81C7B9F2E003F3397 /* watch Extension */,
				4BB8B30F1BC81FCD0056324B /* Products */,
				EF381D33D36BCBD380EA9A7E /* Pods */,
				20D2ECB310CEE28B9003E059 /* Frameworks */,
			);
			sourceTree = "<group>";
		};
		4BB8B30F1BC81FCD0056324B /* Products */ = {
			isa = PBXGroup;
			children = (
				4BB8B30E1BC81FCD0056324B /* Pam.app */,
				4BB8B3251BC81FCD0056324B /* emaTests.xctest */,
				4BB8B3301BC81FCD0056324B /* emaUITests.xctest */,
				4B88C7981C7B9F2D003F3397 /* watch.app */,
				4B88C7A41C7B9F2E003F3397 /* watch Extension.appex */,
			);
			name = Products;
			sourceTree = "<group>";
		};
		4BB8B3101BC81FCD0056324B /* ema */ = {
			isa = PBXGroup;
			children = (
				4B6E6D6B1E0DDB4D00190F0F /* Survey */,
				4BADFCA81CC823D700B949D2 /* Activities */,
				4BADFCAD1CC824D500B949D2 /* Consent */,
				4BADFCA71CC823B700B949D2 /* Profile */,
				4BADFCB11CC8272200B949D2 /* Onboarding */,
				4BADFCA11CC8235A00B949D2 /* Withdrawl */,
				4BB8B3111BC81FCD0056324B /* AppDelegate.swift */,
				4BB8B3151BC81FCD0056324B /* Main.storyboard */,
				4BB8B31B1BC81FCD0056324B /* Assets.xcassets */,
				4BB8B31D1BC81FCD0056324B /* LaunchScreen.storyboard */,
				4BB8B3201BC81FCD0056324B /* Info.plist */,
				4BB8B3181BC81FCD0056324B /* ema.xcdatamodeld */,
				4BADFCB61CC8287C00B949D2 /* ViewController.swift */,
				4BADFCB81CC8298800B949D2 /* ResearchContainerSegue.swift */,
				4B6E6D651E0DD66000190F0F /* Constants.swift */,
				4B6E6D671E0DDA7B00190F0F /* Extensions.swift */,
			);
			path = ema;
			sourceTree = "<group>";
		};
		4BB8B3281BC81FCD0056324B /* emaTests */ = {
			isa = PBXGroup;
			children = (
				4BB8B3291BC81FCD0056324B /* emaTests.swift */,
				4BB8B32B1BC81FCD0056324B /* Info.plist */,
			);
			path = emaTests;
			sourceTree = "<group>";
		};
		4BB8B3331BC81FCD0056324B /* emaUITests */ = {
			isa = PBXGroup;
			children = (
				4BB8B3341BC81FCD0056324B /* emaUITests.swift */,
				4BB8B3361BC81FCD0056324B /* Info.plist */,
			);
			path = emaUITests;
			sourceTree = "<group>";
		};
		EF381D33D36BCBD380EA9A7E /* Pods */ = {
			isa = PBXGroup;
			children = (
				9F1CB626265337935E9D449A /* Pods-ema.debug.xcconfig */,
				4FAD9869122A50098C6A638A /* Pods-ema.release.xcconfig */,
				5291CAD881994397BB76D6D6 /* Pods-emaTests.debug.xcconfig */,
				729A669ADC560FCEC224B71A /* Pods-emaTests.release.xcconfig */,
			);
			name = Pods;
			sourceTree = "<group>";
		};
/* End PBXGroup section */

/* Begin PBXNativeTarget section */
		4B88C7971C7B9F2D003F3397 /* watch */ = {
			isa = PBXNativeTarget;
			buildConfigurationList = 4B88C7BB1C7B9F2E003F3397 /* Build configuration list for PBXNativeTarget "watch" */;
			buildPhases = (
				4B88C7961C7B9F2D003F3397 /* Resources */,
				4B88C7BA1C7B9F2E003F3397 /* Embed App Extensions */,
				AADB147B41AA7CD2E2F86529 /* Frameworks */,
			);
			buildRules = (
			);
			dependencies = (
				4B88C7A71C7B9F2E003F3397 /* PBXTargetDependency */,
			);
			name = watch;
			productName = watch;
			productReference = 4B88C7981C7B9F2D003F3397 /* watch.app */;
			productType = "com.apple.product-type.application.watchapp2";
		};
		4B88C7A31C7B9F2E003F3397 /* watch Extension */ = {
			isa = PBXNativeTarget;
			buildConfigurationList = 4B88C7B71C7B9F2E003F3397 /* Build configuration list for PBXNativeTarget "watch Extension" */;
			buildPhases = (
				4B88C7A01C7B9F2E003F3397 /* Sources */,
				4B88C7A11C7B9F2E003F3397 /* Frameworks */,
				4B88C7A21C7B9F2E003F3397 /* Resources */,
			);
			buildRules = (
			);
			dependencies = (
			);
			name = "watch Extension";
			productName = "watch Extension";
			productReference = 4B88C7A41C7B9F2E003F3397 /* watch Extension.appex */;
			productType = "com.apple.product-type.watchkit2-extension";
		};
		4BB8B30D1BC81FCD0056324B /* ema */ = {
			isa = PBXNativeTarget;
			buildConfigurationList = 4BB8B3391BC81FCD0056324B /* Build configuration list for PBXNativeTarget "ema" */;
			buildPhases = (
				DE1D205771A93A0145015D9E /* [CP] Check Pods Manifest.lock */,
				4BB8B30A1BC81FCD0056324B /* Sources */,
				4BB8B30B1BC81FCD0056324B /* Frameworks */,
				4BB8B30C1BC81FCD0056324B /* Resources */,
				4B88C7BE1C7B9F2E003F3397 /* Embed Watch Content */,
				4BB156E21C7E5183002A1EAA /* Embed Frameworks */,
				4733EB4DBF7BDF80A5C4E64C /* [CP] Embed Pods Frameworks */,
				AE0395AF9D9F2725219FE1C8 /* [CP] Copy Pods Resources */,
			);
			buildRules = (
			);
			dependencies = (
				4B88C7B51C7B9F2E003F3397 /* PBXTargetDependency */,
			);
			name = ema;
			productName = ema;
			productReference = 4BB8B30E1BC81FCD0056324B /* Pam.app */;
			productType = "com.apple.product-type.application";
		};
		4BB8B3241BC81FCD0056324B /* emaTests */ = {
			isa = PBXNativeTarget;
			buildConfigurationList = 4BB8B33C1BC81FCD0056324B /* Build configuration list for PBXNativeTarget "emaTests" */;
			buildPhases = (
				7EFF90FA8F4331FB1CE25CBC /* [CP] Check Pods Manifest.lock */,
				4BB8B3211BC81FCD0056324B /* Sources */,
				4BB8B3221BC81FCD0056324B /* Frameworks */,
				4BB8B3231BC81FCD0056324B /* Resources */,
				01B9C70830BEA9DAEF09631A /* [CP] Embed Pods Frameworks */,
				65E5F4A909E16611F3E859DC /* [CP] Copy Pods Resources */,
			);
			buildRules = (
			);
			dependencies = (
				4BB8B3271BC81FCD0056324B /* PBXTargetDependency */,
			);
			name = emaTests;
			productName = emaTests;
			productReference = 4BB8B3251BC81FCD0056324B /* emaTests.xctest */;
			productType = "com.apple.product-type.bundle.unit-test";
		};
		4BB8B32F1BC81FCD0056324B /* emaUITests */ = {
			isa = PBXNativeTarget;
			buildConfigurationList = 4BB8B33F1BC81FCD0056324B /* Build configuration list for PBXNativeTarget "emaUITests" */;
			buildPhases = (
				4BB8B32C1BC81FCD0056324B /* Sources */,
				4BB8B32D1BC81FCD0056324B /* Frameworks */,
				4BB8B32E1BC81FCD0056324B /* Resources */,
			);
			buildRules = (
			);
			dependencies = (
				4BB8B3321BC81FCD0056324B /* PBXTargetDependency */,
			);
			name = emaUITests;
			productName = emaUITests;
			productReference = 4BB8B3301BC81FCD0056324B /* emaUITests.xctest */;
			productType = "com.apple.product-type.bundle.ui-testing";
		};
/* End PBXNativeTarget section */

/* Begin PBXProject section */
		4BB8B3061BC81FCD0056324B /* Project object */ = {
			isa = PBXProject;
			attributes = {
				LastSwiftUpdateCheck = 0720;
				LastUpgradeCheck = 0820;
				ORGANIZATIONNAME = RTI;
				TargetAttributes = {
					4B88C7971C7B9F2D003F3397 = {
						CreatedOnToolsVersion = 7.2.1;
						DevelopmentTeam = 35J8YXY799;
						LastSwiftMigration = 0820;
					};
					4B88C7A31C7B9F2E003F3397 = {
						CreatedOnToolsVersion = 7.2.1;
						DevelopmentTeam = 35J8YXY799;
						LastSwiftMigration = 0820;
					};
					4BB8B30D1BC81FCD0056324B = {
						CreatedOnToolsVersion = 7.0.1;
						DevelopmentTeam = 35J8YXY799;
						LastSwiftMigration = 0820;
						SystemCapabilities = {
							com.apple.Push = {
								enabled = 0;
							};
						};
					};
					4BB8B3241BC81FCD0056324B = {
						CreatedOnToolsVersion = 7.0.1;
						DevelopmentTeam = 35J8YXY799;
						LastSwiftMigration = 0820;
						TestTargetID = 4BB8B30D1BC81FCD0056324B;
					};
					4BB8B32F1BC81FCD0056324B = {
						CreatedOnToolsVersion = 7.0.1;
						LastSwiftMigration = 0820;
						TestTargetID = 4BB8B30D1BC81FCD0056324B;
					};
				};
			};
			buildConfigurationList = 4BB8B3091BC81FCD0056324B /* Build configuration list for PBXProject "ema" */;
			compatibilityVersion = "Xcode 3.2";
			developmentRegion = English;
			hasScannedForEncodings = 0;
			knownRegions = (
				en,
				Base,
			);
			mainGroup = 4BB8B3051BC81FCD0056324B;
			productRefGroup = 4BB8B30F1BC81FCD0056324B /* Products */;
			projectDirPath = "";
			projectRoot = "";
			targets = (
				4BB8B30D1BC81FCD0056324B /* ema */,
				4BB8B3241BC81FCD0056324B /* emaTests */,
				4BB8B32F1BC81FCD0056324B /* emaUITests */,
				4B88C7971C7B9F2D003F3397 /* watch */,
				4B88C7A31C7B9F2E003F3397 /* watch Extension */,
			);
		};
/* End PBXProject section */

/* Begin PBXResourcesBuildPhase section */
		4B88C7961C7B9F2D003F3397 /* Resources */ = {
			isa = PBXResourcesBuildPhase;
			buildActionMask = 2147483647;
			files = (
				4B88C79E1C7B9F2D003F3397 /* Assets.xcassets in Resources */,
				4B88C79C1C7B9F2D003F3397 /* Interface.storyboard in Resources */,
			);
			runOnlyForDeploymentPostprocessing = 0;
		};
		4B88C7A21C7B9F2E003F3397 /* Resources */ = {
			isa = PBXResourcesBuildPhase;
			buildActionMask = 2147483647;
			files = (
				4B88C7B21C7B9F2E003F3397 /* Assets.xcassets in Resources */,
			);
			runOnlyForDeploymentPostprocessing = 0;
		};
		4BB8B30C1BC81FCD0056324B /* Resources */ = {
			isa = PBXResourcesBuildPhase;
			buildActionMask = 2147483647;
			files = (
				4BB8B31F1BC81FCD0056324B /* LaunchScreen.storyboard in Resources */,
				4BBF37E41E255EAB005A1CE5 /* Consent_DataUse.html in Resources */,
				4BBF37E61E255EAB005A1CE5 /* Consent_Welcome.html in Resources */,
				4BBF37E31E255EAB005A1CE5 /* Consent_DataGathering.html in Resources */,
				4BBF37E71E255EAB005A1CE5 /* Consent_Withdrawing.html in Resources */,
				4BB8B31C1BC81FCD0056324B /* Assets.xcassets in Resources */,
				4BBF37E51E255EAB005A1CE5 /* Consent_Privacy.html in Resources */,
				4BB8B3171BC81FCD0056324B /* Main.storyboard in Resources */,
			);
			runOnlyForDeploymentPostprocessing = 0;
		};
		4BB8B3231BC81FCD0056324B /* Resources */ = {
			isa = PBXResourcesBuildPhase;
			buildActionMask = 2147483647;
			files = (
			);
			runOnlyForDeploymentPostprocessing = 0;
		};
		4BB8B32E1BC81FCD0056324B /* Resources */ = {
			isa = PBXResourcesBuildPhase;
			buildActionMask = 2147483647;
			files = (
			);
			runOnlyForDeploymentPostprocessing = 0;
		};
/* End PBXResourcesBuildPhase section */

/* Begin PBXShellScriptBuildPhase section */
		01B9C70830BEA9DAEF09631A /* [CP] Embed Pods Frameworks */ = {
			isa = PBXShellScriptBuildPhase;
			buildActionMask = 2147483647;
			files = (
			);
			inputPaths = (
			);
			name = "[CP] Embed Pods Frameworks";
			outputPaths = (
			);
			runOnlyForDeploymentPostprocessing = 0;
			shellPath = /bin/sh;
			shellScript = "\"${SRCROOT}/Pods/Target Support Files/Pods-emaTests/Pods-emaTests-frameworks.sh\"\n";
			showEnvVarsInLog = 0;
		};
		4733EB4DBF7BDF80A5C4E64C /* [CP] Embed Pods Frameworks */ = {
			isa = PBXShellScriptBuildPhase;
			buildActionMask = 2147483647;
			files = (
			);
			inputPaths = (
			);
			name = "[CP] Embed Pods Frameworks";
			outputPaths = (
			);
			runOnlyForDeploymentPostprocessing = 0;
			shellPath = /bin/sh;
			shellScript = "\"${SRCROOT}/Pods/Target Support Files/Pods-ema/Pods-ema-frameworks.sh\"\n";
			showEnvVarsInLog = 0;
		};
		65E5F4A909E16611F3E859DC /* [CP] Copy Pods Resources */ = {
			isa = PBXShellScriptBuildPhase;
			buildActionMask = 2147483647;
			files = (
			);
			inputPaths = (
			);
			name = "[CP] Copy Pods Resources";
			outputPaths = (
			);
			runOnlyForDeploymentPostprocessing = 0;
			shellPath = /bin/sh;
			shellScript = "\"${SRCROOT}/Pods/Target Support Files/Pods-emaTests/Pods-emaTests-resources.sh\"\n";
			showEnvVarsInLog = 0;
		};
		7EFF90FA8F4331FB1CE25CBC /* [CP] Check Pods Manifest.lock */ = {
			isa = PBXShellScriptBuildPhase;
			buildActionMask = 2147483647;
			files = (
			);
			inputPaths = (
			);
			name = "[CP] Check Pods Manifest.lock";
			outputPaths = (
			);
			runOnlyForDeploymentPostprocessing = 0;
			shellPath = /bin/sh;
			shellScript = "diff \"${PODS_ROOT}/../Podfile.lock\" \"${PODS_ROOT}/Manifest.lock\" > /dev/null\nif [ $? != 0 ] ; then\n    # print error to STDERR\n    echo \"error: The sandbox is not in sync with the Podfile.lock. Run 'pod install' or update your CocoaPods installation.\" >&2\n    exit 1\nfi\n";
			showEnvVarsInLog = 0;
		};
		AE0395AF9D9F2725219FE1C8 /* [CP] Copy Pods Resources */ = {
			isa = PBXShellScriptBuildPhase;
			buildActionMask = 2147483647;
			files = (
			);
			inputPaths = (
			);
			name = "[CP] Copy Pods Resources";
			outputPaths = (
			);
			runOnlyForDeploymentPostprocessing = 0;
			shellPath = /bin/sh;
			shellScript = "\"${SRCROOT}/Pods/Target Support Files/Pods-ema/Pods-ema-resources.sh\"\n";
			showEnvVarsInLog = 0;
		};
		DE1D205771A93A0145015D9E /* [CP] Check Pods Manifest.lock */ = {
			isa = PBXShellScriptBuildPhase;
			buildActionMask = 2147483647;
			files = (
			);
			inputPaths = (
			);
			name = "[CP] Check Pods Manifest.lock";
			outputPaths = (
			);
			runOnlyForDeploymentPostprocessing = 0;
			shellPath = /bin/sh;
			shellScript = "diff \"${PODS_ROOT}/../Podfile.lock\" \"${PODS_ROOT}/Manifest.lock\" > /dev/null\nif [ $? != 0 ] ; then\n    # print error to STDERR\n    echo \"error: The sandbox is not in sync with the Podfile.lock. Run 'pod install' or update your CocoaPods installation.\" >&2\n    exit 1\nfi\n";
			showEnvVarsInLog = 0;
		};
/* End PBXShellScriptBuildPhase section */

/* Begin PBXSourcesBuildPhase section */
		4B88C7A01C7B9F2E003F3397 /* Sources */ = {
			isa = PBXSourcesBuildPhase;
			buildActionMask = 2147483647;
			files = (
				4B88C7B01C7B9F2E003F3397 /* NotificationController.swift in Sources */,
				4B88C7AE1C7B9F2E003F3397 /* ExtensionDelegate.swift in Sources */,
				4B88C7AC1C7B9F2E003F3397 /* InterfaceController.swift in Sources */,
			);
			runOnlyForDeploymentPostprocessing = 0;
		};
		4BB8B30A1BC81FCD0056324B /* Sources */ = {
			isa = PBXSourcesBuildPhase;
			buildActionMask = 2147483647;
			files = (
				4BBF37E91E255ED2005A1CE5 /* ConsentUtils.swift in Sources */,
				4B0827B11CD4031C00A28F1C /* PamHeaderView.swift in Sources */,
				4B6E6D6D1E0DDC5F00190F0F /* SurveyViewController.swift in Sources */,
				4BADFCB71CC8287C00B949D2 /* ViewController.swift in Sources */,
				4B6E6D6F1E0DDCBC00190F0F /* WeekdayIntroViewContoller.swift in Sources */,
				4BADFCAC1CC8247800B949D2 /* StudyTasks.swift in Sources */,
				4BADFCB91CC8298800B949D2 /* ResearchContainerSegue.swift in Sources */,
				4BADFCB51CC8281B00B949D2 /* LoginViewController.swift in Sources */,
				4BADFCA61CC8239800B949D2 /* WithdrawViewController.swift in Sources */,
				4B0827B31CD4040C00A28F1C /* PamCollectionViewCell.swift in Sources */,
				4B6E6D681E0DDA7B00190F0F /* Extensions.swift in Sources */,
				4BADFCAA1CC8243100B949D2 /* ActivityViewController.swift in Sources */,
				4BB8B3121BC81FCD0056324B /* AppDelegate.swift in Sources */,
				4BB8B31A1BC81FCD0056324B /* ema.xcdatamodeld in Sources */,
				4BADFCBC1CC83C7600B949D2 /* ProfileViewController.swift in Sources */,
				4BADFCBE1CC83CBB00B949D2 /* ProfileHeaderView.swift in Sources */,
				4B0827BF1CD420A300A28F1C /* PamIntroViewContoller.swift in Sources */,
				4BADFCC01CC83CE600B949D2 /* ProfileStaticTableViewCell.swift in Sources */,
				4BADFCB31CC827C900B949D2 /* OnboardingViewController.swift in Sources */,
				4BADFCAF1CC825CC00B949D2 /* ConsentDocument.swift in Sources */,
				4B0827AF1CD4016500A28F1C /* PamViewController.swift in Sources */,
				4B6E6D6A1E0DDB1A00190F0F /* WeekendIntroViewController.swift in Sources */,
				4B6E6D661E0DD66000190F0F /* Constants.swift in Sources */,
			);
			runOnlyForDeploymentPostprocessing = 0;
		};
		4BB8B3211BC81FCD0056324B /* Sources */ = {
			isa = PBXSourcesBuildPhase;
			buildActionMask = 2147483647;
			files = (
				4BB8B32A1BC81FCD0056324B /* emaTests.swift in Sources */,
			);
			runOnlyForDeploymentPostprocessing = 0;
		};
		4BB8B32C1BC81FCD0056324B /* Sources */ = {
			isa = PBXSourcesBuildPhase;
			buildActionMask = 2147483647;
			files = (
				4BB8B3351BC81FCD0056324B /* emaUITests.swift in Sources */,
			);
			runOnlyForDeploymentPostprocessing = 0;
		};
/* End PBXSourcesBuildPhase section */

/* Begin PBXTargetDependency section */
		4B88C7A71C7B9F2E003F3397 /* PBXTargetDependency */ = {
			isa = PBXTargetDependency;
			target = 4B88C7A31C7B9F2E003F3397 /* watch Extension */;
			targetProxy = 4B88C7A61C7B9F2E003F3397 /* PBXContainerItemProxy */;
		};
		4B88C7B51C7B9F2E003F3397 /* PBXTargetDependency */ = {
			isa = PBXTargetDependency;
			target = 4B88C7971C7B9F2D003F3397 /* watch */;
			targetProxy = 4B88C7B41C7B9F2E003F3397 /* PBXContainerItemProxy */;
		};
		4BB8B3271BC81FCD0056324B /* PBXTargetDependency */ = {
			isa = PBXTargetDependency;
			target = 4BB8B30D1BC81FCD0056324B /* ema */;
			targetProxy = 4BB8B3261BC81FCD0056324B /* PBXContainerItemProxy */;
		};
		4BB8B3321BC81FCD0056324B /* PBXTargetDependency */ = {
			isa = PBXTargetDependency;
			target = 4BB8B30D1BC81FCD0056324B /* ema */;
			targetProxy = 4BB8B3311BC81FCD0056324B /* PBXContainerItemProxy */;
		};
/* End PBXTargetDependency section */

/* Begin PBXVariantGroup section */
		4B88C79A1C7B9F2D003F3397 /* Interface.storyboard */ = {
			isa = PBXVariantGroup;
			children = (
				4B88C79B1C7B9F2D003F3397 /* Base */,
			);
			name = Interface.storyboard;
			sourceTree = "<group>";
		};
		4BB8B3151BC81FCD0056324B /* Main.storyboard */ = {
			isa = PBXVariantGroup;
			children = (
				4BB8B3161BC81FCD0056324B /* Base */,
			);
			name = Main.storyboard;
			sourceTree = "<group>";
		};
		4BB8B31D1BC81FCD0056324B /* LaunchScreen.storyboard */ = {
			isa = PBXVariantGroup;
			children = (
				4BB8B31E1BC81FCD0056324B /* Base */,
			);
			name = LaunchScreen.storyboard;
			sourceTree = "<group>";
		};
/* End PBXVariantGroup section */

/* Begin XCBuildConfiguration section */
		4B88C7B81C7B9F2E003F3397 /* Debug */ = {
			isa = XCBuildConfiguration;
			buildSettings = {
				DEVELOPMENT_TEAM = 35J8YXY799;
				INFOPLIST_FILE = "watch Extension/Info.plist";
				LD_RUNPATH_SEARCH_PATHS = "$(inherited) @executable_path/Frameworks @executable_path/../../Frameworks";
				PRODUCT_BUNDLE_IDENTIFIER = org.rti.pam.watchkitapp.watchkitextension;
				PRODUCT_NAME = "${TARGET_NAME}";
				SDKROOT = watchos;
				SKIP_INSTALL = YES;
				SWIFT_VERSION = 3.0;
				TARGETED_DEVICE_FAMILY = 4;
				WATCHOS_DEPLOYMENT_TARGET = 2.1;
			};
			name = Debug;
		};
		4B88C7B91C7B9F2E003F3397 /* Release */ = {
			isa = XCBuildConfiguration;
			buildSettings = {
				DEVELOPMENT_TEAM = 35J8YXY799;
				INFOPLIST_FILE = "watch Extension/Info.plist";
				LD_RUNPATH_SEARCH_PATHS = "$(inherited) @executable_path/Frameworks @executable_path/../../Frameworks";
				PRODUCT_BUNDLE_IDENTIFIER = org.rti.pam.watchkitapp.watchkitextension;
				PRODUCT_NAME = "${TARGET_NAME}";
				SDKROOT = watchos;
				SKIP_INSTALL = YES;
				SWIFT_VERSION = 3.0;
				TARGETED_DEVICE_FAMILY = 4;
				WATCHOS_DEPLOYMENT_TARGET = 2.1;
			};
			name = Release;
		};
		4B88C7BC1C7B9F2E003F3397 /* Debug */ = {
			isa = XCBuildConfiguration;
			buildSettings = {
				ALWAYS_EMBED_SWIFT_STANDARD_LIBRARIES = YES;
				ASSETCATALOG_COMPILER_APPICON_NAME = AppIcon;
				CODE_SIGN_IDENTITY = "iPhone Developer";
				IBSC_MODULE = watch_Extension;
				INFOPLIST_FILE = watch/Info.plist;
				PRODUCT_BUNDLE_IDENTIFIER = org.rti.pam.watchkitapp;
				PRODUCT_NAME = "$(TARGET_NAME)";
				SDKROOT = watchos;
				SKIP_INSTALL = YES;
				SWIFT_VERSION = 3.0;
				TARGETED_DEVICE_FAMILY = 4;
				WATCHOS_DEPLOYMENT_TARGET = 2.1;
			};
			name = Debug;
		};
		4B88C7BD1C7B9F2E003F3397 /* Release */ = {
			isa = XCBuildConfiguration;
			buildSettings = {
				ALWAYS_EMBED_SWIFT_STANDARD_LIBRARIES = YES;
				ASSETCATALOG_COMPILER_APPICON_NAME = AppIcon;
				CODE_SIGN_IDENTITY = "iPhone Developer";
				IBSC_MODULE = watch_Extension;
				INFOPLIST_FILE = watch/Info.plist;
				PRODUCT_BUNDLE_IDENTIFIER = org.rti.pam.watchkitapp;
				PRODUCT_NAME = "$(TARGET_NAME)";
				SDKROOT = watchos;
				SKIP_INSTALL = YES;
				SWIFT_VERSION = 3.0;
				TARGETED_DEVICE_FAMILY = 4;
				WATCHOS_DEPLOYMENT_TARGET = 2.1;
			};
			name = Release;
		};
		4BB8B3371BC81FCD0056324B /* Debug */ = {
			isa = XCBuildConfiguration;
			buildSettings = {
				ALWAYS_SEARCH_USER_PATHS = NO;
				CLANG_CXX_LANGUAGE_STANDARD = "gnu++0x";
				CLANG_CXX_LIBRARY = "libc++";
				CLANG_ENABLE_MODULES = YES;
				CLANG_ENABLE_OBJC_ARC = YES;
				CLANG_WARN_BOOL_CONVERSION = YES;
				CLANG_WARN_CONSTANT_CONVERSION = YES;
				CLANG_WARN_DIRECT_OBJC_ISA_USAGE = YES_ERROR;
				CLANG_WARN_EMPTY_BODY = YES;
				CLANG_WARN_ENUM_CONVERSION = YES;
				CLANG_WARN_INFINITE_RECURSION = YES;
				CLANG_WARN_INT_CONVERSION = YES;
				CLANG_WARN_OBJC_ROOT_CLASS = YES_ERROR;
				CLANG_WARN_SUSPICIOUS_MOVE = YES;
				CLANG_WARN_UNREACHABLE_CODE = YES;
				CLANG_WARN__DUPLICATE_METHOD_MATCH = YES;
				"CODE_SIGN_IDENTITY[sdk=iphoneos*]" = "iPhone Developer";
				COPY_PHASE_STRIP = NO;
				DEBUG_INFORMATION_FORMAT = dwarf;
				ENABLE_STRICT_OBJC_MSGSEND = YES;
				ENABLE_TESTABILITY = YES;
				GCC_C_LANGUAGE_STANDARD = gnu99;
				GCC_DYNAMIC_NO_PIC = NO;
				GCC_NO_COMMON_BLOCKS = YES;
				GCC_OPTIMIZATION_LEVEL = 0;
				GCC_PREPROCESSOR_DEFINITIONS = (
					"DEBUG=1",
					"$(inherited)",
				);
				GCC_WARN_64_TO_32_BIT_CONVERSION = YES;
				GCC_WARN_ABOUT_RETURN_TYPE = YES_ERROR;
				GCC_WARN_UNDECLARED_SELECTOR = YES;
				GCC_WARN_UNINITIALIZED_AUTOS = YES_AGGRESSIVE;
				GCC_WARN_UNUSED_FUNCTION = YES;
				GCC_WARN_UNUSED_VARIABLE = YES;
				IPHONEOS_DEPLOYMENT_TARGET = 9.0;
				MTL_ENABLE_DEBUG_INFO = YES;
				ONLY_ACTIVE_ARCH = YES;
				SDKROOT = iphoneos;
				SWIFT_OPTIMIZATION_LEVEL = "-Onone";
			};
			name = Debug;
		};
		4BB8B3381BC81FCD0056324B /* Release */ = {
			isa = XCBuildConfiguration;
			buildSettings = {
				ALWAYS_SEARCH_USER_PATHS = NO;
				CLANG_CXX_LANGUAGE_STANDARD = "gnu++0x";
				CLANG_CXX_LIBRARY = "libc++";
				CLANG_ENABLE_MODULES = YES;
				CLANG_ENABLE_OBJC_ARC = YES;
				CLANG_WARN_BOOL_CONVERSION = YES;
				CLANG_WARN_CONSTANT_CONVERSION = YES;
				CLANG_WARN_DIRECT_OBJC_ISA_USAGE = YES_ERROR;
				CLANG_WARN_EMPTY_BODY = YES;
				CLANG_WARN_ENUM_CONVERSION = YES;
				CLANG_WARN_INFINITE_RECURSION = YES;
				CLANG_WARN_INT_CONVERSION = YES;
				CLANG_WARN_OBJC_ROOT_CLASS = YES_ERROR;
				CLANG_WARN_SUSPICIOUS_MOVE = YES;
				CLANG_WARN_UNREACHABLE_CODE = YES;
				CLANG_WARN__DUPLICATE_METHOD_MATCH = YES;
				"CODE_SIGN_IDENTITY[sdk=iphoneos*]" = "iPhone Developer";
				COPY_PHASE_STRIP = NO;
				DEBUG_INFORMATION_FORMAT = "dwarf-with-dsym";
				ENABLE_NS_ASSERTIONS = NO;
				ENABLE_STRICT_OBJC_MSGSEND = YES;
				GCC_C_LANGUAGE_STANDARD = gnu99;
				GCC_NO_COMMON_BLOCKS = YES;
				GCC_WARN_64_TO_32_BIT_CONVERSION = YES;
				GCC_WARN_ABOUT_RETURN_TYPE = YES_ERROR;
				GCC_WARN_UNDECLARED_SELECTOR = YES;
				GCC_WARN_UNINITIALIZED_AUTOS = YES_AGGRESSIVE;
				GCC_WARN_UNUSED_FUNCTION = YES;
				GCC_WARN_UNUSED_VARIABLE = YES;
				IPHONEOS_DEPLOYMENT_TARGET = 9.0;
				MTL_ENABLE_DEBUG_INFO = NO;
				SDKROOT = iphoneos;
				SWIFT_OPTIMIZATION_LEVEL = "-Owholemodule";
				VALIDATE_PRODUCT = YES;
			};
			name = Release;
		};
		4BB8B33A1BC81FCD0056324B /* Debug */ = {
			isa = XCBuildConfiguration;
			baseConfigurationReference = 9F1CB626265337935E9D449A /* Pods-ema.debug.xcconfig */;
			buildSettings = {
				ALWAYS_EMBED_SWIFT_STANDARD_LIBRARIES = YES;
				ASSETCATALOG_COMPILER_APPICON_NAME = AppIcon;
				ASSETCATALOG_COMPILER_LAUNCHIMAGE_NAME = "Brand Assets";
				CODE_SIGN_IDENTITY = "iPhone Developer";
				"CODE_SIGN_IDENTITY[sdk=iphoneos*]" = "iPhone Developer";
				INFOPLIST_FILE = ema/Info.plist;
				IPHONEOS_DEPLOYMENT_TARGET = 9.0;
				LD_RUNPATH_SEARCH_PATHS = "$(inherited) @executable_path/Frameworks";
				PRODUCT_BUNDLE_IDENTIFIER = org.rti.pam;
				PRODUCT_NAME = Pam;
				PROVISIONING_PROFILE = "";
				SWIFT_VERSION = 3.0;
			};
			name = Debug;
		};
		4BB8B33B1BC81FCD0056324B /* Release */ = {
			isa = XCBuildConfiguration;
			baseConfigurationReference = 4FAD9869122A50098C6A638A /* Pods-ema.release.xcconfig */;
			buildSettings = {
				ALWAYS_EMBED_SWIFT_STANDARD_LIBRARIES = YES;
				ASSETCATALOG_COMPILER_APPICON_NAME = AppIcon;
				ASSETCATALOG_COMPILER_LAUNCHIMAGE_NAME = "Brand Assets";
				CODE_SIGN_IDENTITY = "iPhone Developer";
				"CODE_SIGN_IDENTITY[sdk=iphoneos*]" = "iPhone Developer";
				INFOPLIST_FILE = ema/Info.plist;
				IPHONEOS_DEPLOYMENT_TARGET = 9.0;
				LD_RUNPATH_SEARCH_PATHS = "$(inherited) @executable_path/Frameworks";
				PRODUCT_BUNDLE_IDENTIFIER = org.rti.pam;
				PRODUCT_NAME = Pam;
				PROVISIONING_PROFILE = "";
				SWIFT_VERSION = 3.0;
			};
			name = Release;
		};
		4BB8B33D1BC81FCD0056324B /* Debug */ = {
			isa = XCBuildConfiguration;
			baseConfigurationReference = 5291CAD881994397BB76D6D6 /* Pods-emaTests.debug.xcconfig */;
			buildSettings = {
				ALWAYS_EMBED_SWIFT_STANDARD_LIBRARIES = YES;
				BUNDLE_LOADER = "$(TEST_HOST)";
				DEVELOPMENT_TEAM = 35J8YXY799;
				INFOPLIST_FILE = emaTests/Info.plist;
				LD_RUNPATH_SEARCH_PATHS = "$(inherited) @executable_path/Frameworks @loader_path/Frameworks";
				PRODUCT_BUNDLE_IDENTIFIER = org.rti.emaTests;
				PRODUCT_NAME = "$(TARGET_NAME)";
				SWIFT_VERSION = 3.0;
			};
			name = Debug;
		};
		4BB8B33E1BC81FCD0056324B /* Release */ = {
			isa = XCBuildConfiguration;
			baseConfigurationReference = 729A669ADC560FCEC224B71A /* Pods-emaTests.release.xcconfig */;
			buildSettings = {
				ALWAYS_EMBED_SWIFT_STANDARD_LIBRARIES = YES;
				BUNDLE_LOADER = "$(TEST_HOST)";
				DEVELOPMENT_TEAM = 35J8YXY799;
				INFOPLIST_FILE = emaTests/Info.plist;
				LD_RUNPATH_SEARCH_PATHS = "$(inherited) @executable_path/Frameworks @loader_path/Frameworks";
				PRODUCT_BUNDLE_IDENTIFIER = org.rti.emaTests;
				PRODUCT_NAME = "$(TARGET_NAME)";
				SWIFT_VERSION = 3.0;
			};
			name = Release;
		};
		4BB8B3401BC81FCD0056324B /* Debug */ = {
			isa = XCBuildConfiguration;
			buildSettings = {
				INFOPLIST_FILE = emaUITests/Info.plist;
				LD_RUNPATH_SEARCH_PATHS = "$(inherited) @executable_path/Frameworks @loader_path/Frameworks";
				PRODUCT_BUNDLE_IDENTIFIER = org.rti.emaUITests;
				PRODUCT_NAME = "$(TARGET_NAME)";
				SWIFT_VERSION = 3.0;
				TEST_TARGET_NAME = ema;
				USES_XCTRUNNER = YES;
			};
			name = Debug;
		};
		4BB8B3411BC81FCD0056324B /* Release */ = {
			isa = XCBuildConfiguration;
			buildSettings = {
				INFOPLIST_FILE = emaUITests/Info.plist;
				LD_RUNPATH_SEARCH_PATHS = "$(inherited) @executable_path/Frameworks @loader_path/Frameworks";
				PRODUCT_BUNDLE_IDENTIFIER = org.rti.emaUITests;
				PRODUCT_NAME = "$(TARGET_NAME)";
				SWIFT_VERSION = 3.0;
				TEST_TARGET_NAME = ema;
				USES_XCTRUNNER = YES;
			};
			name = Release;
		};
/* End XCBuildConfiguration section */

/* Begin XCConfigurationList section */
		4B88C7B71C7B9F2E003F3397 /* Build configuration list for PBXNativeTarget "watch Extension" */ = {
			isa = XCConfigurationList;
			buildConfigurations = (
				4B88C7B81C7B9F2E003F3397 /* Debug */,
				4B88C7B91C7B9F2E003F3397 /* Release */,
			);
			defaultConfigurationIsVisible = 0;
			defaultConfigurationName = Release;
		};
		4B88C7BB1C7B9F2E003F3397 /* Build configuration list for PBXNativeTarget "watch" */ = {
			isa = XCConfigurationList;
			buildConfigurations = (
				4B88C7BC1C7B9F2E003F3397 /* Debug */,
				4B88C7BD1C7B9F2E003F3397 /* Release */,
			);
			defaultConfigurationIsVisible = 0;
			defaultConfigurationName = Release;
		};
		4BB8B3091BC81FCD0056324B /* Build configuration list for PBXProject "ema" */ = {
			isa = XCConfigurationList;
			buildConfigurations = (
				4BB8B3371BC81FCD0056324B /* Debug */,
				4BB8B3381BC81FCD0056324B /* Release */,
			);
			defaultConfigurationIsVisible = 0;
			defaultConfigurationName = Release;
		};
		4BB8B3391BC81FCD0056324B /* Build configuration list for PBXNativeTarget "ema" */ = {
			isa = XCConfigurationList;
			buildConfigurations = (
				4BB8B33A1BC81FCD0056324B /* Debug */,
				4BB8B33B1BC81FCD0056324B /* Release */,
			);
			defaultConfigurationIsVisible = 0;
			defaultConfigurationName = Release;
		};
		4BB8B33C1BC81FCD0056324B /* Build configuration list for PBXNativeTarget "emaTests" */ = {
			isa = XCConfigurationList;
			buildConfigurations = (
				4BB8B33D1BC81FCD0056324B /* Debug */,
				4BB8B33E1BC81FCD0056324B /* Release */,
			);
			defaultConfigurationIsVisible = 0;
			defaultConfigurationName = Release;
		};
		4BB8B33F1BC81FCD0056324B /* Build configuration list for PBXNativeTarget "emaUITests" */ = {
			isa = XCConfigurationList;
			buildConfigurations = (
				4BB8B3401BC81FCD0056324B /* Debug */,
				4BB8B3411BC81FCD0056324B /* Release */,
			);
			defaultConfigurationIsVisible = 0;
			defaultConfigurationName = Release;
		};
/* End XCConfigurationList section */

/* Begin XCVersionGroup section */
		4BB8B3181BC81FCD0056324B /* ema.xcdatamodeld */ = {
			isa = XCVersionGroup;
			children = (
				4BB8B3191BC81FCD0056324B /* ema.xcdatamodel */,
			);
			currentVersion = 4BB8B3191BC81FCD0056324B /* ema.xcdatamodel */;
			path = ema.xcdatamodeld;
			sourceTree = "<group>";
			versionGroupType = wrapper.xcdatamodel;
		};
/* End XCVersionGroup section */
	};
	rootObject = 4BB8B3061BC81FCD0056324B /* Project object */;
}
