// !$*UTF8*$!
{
	archiveVersion = 1;
	classes = {
	};
	objectVersion = 46;
	objects = {

/* Begin PBXBuildFile section */
		0013745ECD3321CB4CC30815 /* Pods_ema.framework in Frameworks */ = {isa = PBXBuildFile; fileRef = 12825806D205C7C7DC9B7F21 /* Pods_ema.framework */; };
		1F62761EC86FF7DE1CB7F181 /* libPods-emaUITests.a in Frameworks */ = {isa = PBXBuildFile; fileRef = 19A6A1AE4FE2EF8695B4ADAA /* libPods-emaUITests.a */; };
		2A415ABAD6D5908A4CE7DF01 /* Pods_emaTests.framework in Frameworks */ = {isa = PBXBuildFile; fileRef = 9948FF11EE126EDD23BC8134 /* Pods_emaTests.framework */; };
		4B88C79C1C7B9F2D003F3397 /* Interface.storyboard in Resources */ = {isa = PBXBuildFile; fileRef = 4B88C79A1C7B9F2D003F3397 /* Interface.storyboard */; };
		4B88C79E1C7B9F2D003F3397 /* Assets.xcassets in Resources */ = {isa = PBXBuildFile; fileRef = 4B88C79D1C7B9F2D003F3397 /* Assets.xcassets */; };
		4B88C7A51C7B9F2E003F3397 /* watch Extension.appex in Embed App Extensions */ = {isa = PBXBuildFile; fileRef = 4B88C7A41C7B9F2E003F3397 /* watch Extension.appex */; settings = {ATTRIBUTES = (RemoveHeadersOnCopy, ); }; };
		4B88C7AC1C7B9F2E003F3397 /* InterfaceController.swift in Sources */ = {isa = PBXBuildFile; fileRef = 4B88C7AB1C7B9F2E003F3397 /* InterfaceController.swift */; };
		4B88C7AE1C7B9F2E003F3397 /* ExtensionDelegate.swift in Sources */ = {isa = PBXBuildFile; fileRef = 4B88C7AD1C7B9F2E003F3397 /* ExtensionDelegate.swift */; };
		4B88C7B01C7B9F2E003F3397 /* NotificationController.swift in Sources */ = {isa = PBXBuildFile; fileRef = 4B88C7AF1C7B9F2E003F3397 /* NotificationController.swift */; };
		4B88C7B21C7B9F2E003F3397 /* Assets.xcassets in Resources */ = {isa = PBXBuildFile; fileRef = 4B88C7B11C7B9F2E003F3397 /* Assets.xcassets */; };
		4B88C7B61C7B9F2E003F3397 /* watch.app in Embed Watch Content */ = {isa = PBXBuildFile; fileRef = 4B88C7981C7B9F2D003F3397 /* watch.app */; };
		4BB156DE1C7E5183002A1EAA /* ResearchKit.framework in Frameworks */ = {isa = PBXBuildFile; fileRef = 4B5183D31C7E50B900A9379D /* ResearchKit.framework */; };
		4BB156DF1C7E5183002A1EAA /* ResearchKit.framework in Embed Frameworks */ = {isa = PBXBuildFile; fileRef = 4B5183D31C7E50B900A9379D /* ResearchKit.framework */; settings = {ATTRIBUTES = (CodeSignOnCopy, RemoveHeadersOnCopy, ); }; };
		4BB8B3121BC81FCD0056324B /* AppDelegate.swift in Sources */ = {isa = PBXBuildFile; fileRef = 4BB8B3111BC81FCD0056324B /* AppDelegate.swift */; };
		4BB8B3141BC81FCD0056324B /* ViewController.swift in Sources */ = {isa = PBXBuildFile; fileRef = 4BB8B3131BC81FCD0056324B /* ViewController.swift */; };
		4BB8B3171BC81FCD0056324B /* Main.storyboard in Resources */ = {isa = PBXBuildFile; fileRef = 4BB8B3151BC81FCD0056324B /* Main.storyboard */; };
		4BB8B31A1BC81FCD0056324B /* ema.xcdatamodeld in Sources */ = {isa = PBXBuildFile; fileRef = 4BB8B3181BC81FCD0056324B /* ema.xcdatamodeld */; };
		4BB8B31C1BC81FCD0056324B /* Assets.xcassets in Resources */ = {isa = PBXBuildFile; fileRef = 4BB8B31B1BC81FCD0056324B /* Assets.xcassets */; };
		4BB8B31F1BC81FCD0056324B /* LaunchScreen.storyboard in Resources */ = {isa = PBXBuildFile; fileRef = 4BB8B31D1BC81FCD0056324B /* LaunchScreen.storyboard */; };
		4BB8B32A1BC81FCD0056324B /* emaTests.swift in Sources */ = {isa = PBXBuildFile; fileRef = 4BB8B3291BC81FCD0056324B /* emaTests.swift */; };
		4BB8B3351BC81FCD0056324B /* emaUITests.swift in Sources */ = {isa = PBXBuildFile; fileRef = 4BB8B3341BC81FCD0056324B /* emaUITests.swift */; };
/* End PBXBuildFile section */

/* Begin PBXContainerItemProxy section */
		4B5183D21C7E50B900A9379D /* PBXContainerItemProxy */ = {
			isa = PBXContainerItemProxy;
			containerPortal = 4B5183CC1C7E50B800A9379D /* ResearchKit.xcodeproj */;
			proxyType = 2;
			remoteGlobalIDString = B183A5951A8535D100C76870;
			remoteInfo = ResearchKit;
		};
		4B5183D41C7E50B900A9379D /* PBXContainerItemProxy */ = {
			isa = PBXContainerItemProxy;
			containerPortal = 4B5183CC1C7E50B800A9379D /* ResearchKit.xcodeproj */;
			proxyType = 2;
			remoteGlobalIDString = 86CC8E9A1AC09332001CCD89;
			remoteInfo = ResearchKitTests;
		};
		4B88C7A61C7B9F2E003F3397 /* PBXContainerItemProxy */ = {
			isa = PBXContainerItemProxy;
			containerPortal = 4BB8B3061BC81FCD0056324B /* Project object */;
			proxyType = 1;
			remoteGlobalIDString = 4B88C7A31C7B9F2E003F3397;
			remoteInfo = "watch Extension";
		};
		4B88C7B41C7B9F2E003F3397 /* PBXContainerItemProxy */ = {
			isa = PBXContainerItemProxy;
			containerPortal = 4BB8B3061BC81FCD0056324B /* Project object */;
			proxyType = 1;
			remoteGlobalIDString = 4B88C7971C7B9F2D003F3397;
			remoteInfo = watch;
		};
		4BB156E01C7E5183002A1EAA /* PBXContainerItemProxy */ = {
			isa = PBXContainerItemProxy;
			containerPortal = 4B5183CC1C7E50B800A9379D /* ResearchKit.xcodeproj */;
			proxyType = 1;
			remoteGlobalIDString = B183A4731A8535D100C76870;
			remoteInfo = ResearchKit;
		};
		4BB8B3261BC81FCD0056324B /* PBXContainerItemProxy */ = {
			isa = PBXContainerItemProxy;
			containerPortal = 4BB8B3061BC81FCD0056324B /* Project object */;
			proxyType = 1;
			remoteGlobalIDString = 4BB8B30D1BC81FCD0056324B;
			remoteInfo = ema;
		};
		4BB8B3311BC81FCD0056324B /* PBXContainerItemProxy */ = {
			isa = PBXContainerItemProxy;
			containerPortal = 4BB8B3061BC81FCD0056324B /* Project object */;
			proxyType = 1;
			remoteGlobalIDString = 4BB8B30D1BC81FCD0056324B;
			remoteInfo = ema;
		};
/* End PBXContainerItemProxy section */

/* Begin PBXCopyFilesBuildPhase section */
		4B88C7BA1C7B9F2E003F3397 /* Embed App Extensions */ = {
			isa = PBXCopyFilesBuildPhase;
			buildActionMask = 2147483647;
			dstPath = "";
			dstSubfolderSpec = 13;
			files = (
				4B88C7A51C7B9F2E003F3397 /* watch Extension.appex in Embed App Extensions */,
			);
			name = "Embed App Extensions";
			runOnlyForDeploymentPostprocessing = 0;
		};
		4B88C7BE1C7B9F2E003F3397 /* Embed Watch Content */ = {
			isa = PBXCopyFilesBuildPhase;
			buildActionMask = 2147483647;
			dstPath = "$(CONTENTS_FOLDER_PATH)/Watch";
			dstSubfolderSpec = 16;
			files = (
				4B88C7B61C7B9F2E003F3397 /* watch.app in Embed Watch Content */,
			);
			name = "Embed Watch Content";
			runOnlyForDeploymentPostprocessing = 0;
		};
		4BB156E21C7E5183002A1EAA /* Embed Frameworks */ = {
			isa = PBXCopyFilesBuildPhase;
			buildActionMask = 2147483647;
			dstPath = "";
			dstSubfolderSpec = 10;
			files = (
				4BB156DF1C7E5183002A1EAA /* ResearchKit.framework in Embed Frameworks */,
			);
			name = "Embed Frameworks";
			runOnlyForDeploymentPostprocessing = 0;
		};
/* End PBXCopyFilesBuildPhase section */

/* Begin PBXFileReference section */
		0F59CA4C2F7F798005DF8E5C /* Pods-emaTests.release.xcconfig */ = {isa = PBXFileReference; includeInIndex = 1; lastKnownFileType = text.xcconfig; name = "Pods-emaTests.release.xcconfig"; path = "Pods/Target Support Files/Pods-emaTests/Pods-emaTests.release.xcconfig"; sourceTree = "<group>"; };
		12825806D205C7C7DC9B7F21 /* Pods_ema.framework */ = {isa = PBXFileReference; explicitFileType = wrapper.framework; includeInIndex = 0; path = Pods_ema.framework; sourceTree = BUILT_PRODUCTS_DIR; };
		19A6A1AE4FE2EF8695B4ADAA /* libPods-emaUITests.a */ = {isa = PBXFileReference; explicitFileType = archive.ar; includeInIndex = 0; path = "libPods-emaUITests.a"; sourceTree = BUILT_PRODUCTS_DIR; };
		245E0A83BBC7CCF7E55F9EC8 /* Pods-emaUITests.release.xcconfig */ = {isa = PBXFileReference; includeInIndex = 1; lastKnownFileType = text.xcconfig; name = "Pods-emaUITests.release.xcconfig"; path = "Pods/Target Support Files/Pods-emaUITests/Pods-emaUITests.release.xcconfig"; sourceTree = "<group>"; };
		2DDCD3AC9B7F92BC3E374A67 /* Pods-emaUITests.debug.xcconfig */ = {isa = PBXFileReference; includeInIndex = 1; lastKnownFileType = text.xcconfig; name = "Pods-emaUITests.debug.xcconfig"; path = "Pods/Target Support Files/Pods-emaUITests/Pods-emaUITests.debug.xcconfig"; sourceTree = "<group>"; };
		4B5183CC1C7E50B800A9379D /* ResearchKit.xcodeproj */ = {isa = PBXFileReference; lastKnownFileType = "wrapper.pb-project"; name = ResearchKit.xcodeproj; path = ../ResearchKit/ResearchKit.xcodeproj; sourceTree = "<group>"; };
		4B88C7981C7B9F2D003F3397 /* watch.app */ = {isa = PBXFileReference; explicitFileType = wrapper.application; includeInIndex = 0; path = watch.app; sourceTree = BUILT_PRODUCTS_DIR; };
		4B88C79B1C7B9F2D003F3397 /* Base */ = {isa = PBXFileReference; lastKnownFileType = file.storyboard; name = Base; path = Base.lproj/Interface.storyboard; sourceTree = "<group>"; };
		4B88C79D1C7B9F2D003F3397 /* Assets.xcassets */ = {isa = PBXFileReference; lastKnownFileType = folder.assetcatalog; path = Assets.xcassets; sourceTree = "<group>"; };
		4B88C79F1C7B9F2D003F3397 /* Info.plist */ = {isa = PBXFileReference; lastKnownFileType = text.plist.xml; path = Info.plist; sourceTree = "<group>"; };
		4B88C7A41C7B9F2E003F3397 /* watch Extension.appex */ = {isa = PBXFileReference; explicitFileType = "wrapper.app-extension"; includeInIndex = 0; path = "watch Extension.appex"; sourceTree = BUILT_PRODUCTS_DIR; };
		4B88C7AA1C7B9F2E003F3397 /* PushNotificationPayload.apns */ = {isa = PBXFileReference; lastKnownFileType = text; path = PushNotificationPayload.apns; sourceTree = "<group>"; };
		4B88C7AB1C7B9F2E003F3397 /* InterfaceController.swift */ = {isa = PBXFileReference; lastKnownFileType = sourcecode.swift; path = InterfaceController.swift; sourceTree = "<group>"; };
		4B88C7AD1C7B9F2E003F3397 /* ExtensionDelegate.swift */ = {isa = PBXFileReference; lastKnownFileType = sourcecode.swift; path = ExtensionDelegate.swift; sourceTree = "<group>"; };
		4B88C7AF1C7B9F2E003F3397 /* NotificationController.swift */ = {isa = PBXFileReference; lastKnownFileType = sourcecode.swift; path = NotificationController.swift; sourceTree = "<group>"; };
		4B88C7B11C7B9F2E003F3397 /* Assets.xcassets */ = {isa = PBXFileReference; lastKnownFileType = folder.assetcatalog; path = Assets.xcassets; sourceTree = "<group>"; };
		4B88C7B31C7B9F2E003F3397 /* Info.plist */ = {isa = PBXFileReference; lastKnownFileType = text.plist.xml; path = Info.plist; sourceTree = "<group>"; };
		4BB8B30E1BC81FCD0056324B /* Pam.app */ = {isa = PBXFileReference; explicitFileType = wrapper.application; includeInIndex = 0; path = Pam.app; sourceTree = BUILT_PRODUCTS_DIR; };
		4BB8B3111BC81FCD0056324B /* AppDelegate.swift */ = {isa = PBXFileReference; lastKnownFileType = sourcecode.swift; path = AppDelegate.swift; sourceTree = "<group>"; };
		4BB8B3131BC81FCD0056324B /* ViewController.swift */ = {isa = PBXFileReference; lastKnownFileType = sourcecode.swift; path = ViewController.swift; sourceTree = "<group>"; };
		4BB8B3161BC81FCD0056324B /* Base */ = {isa = PBXFileReference; lastKnownFileType = file.storyboard; name = Base; path = Base.lproj/Main.storyboard; sourceTree = "<group>"; };
		4BB8B3191BC81FCD0056324B /* ema.xcdatamodel */ = {isa = PBXFileReference; lastKnownFileType = wrapper.xcdatamodel; path = ema.xcdatamodel; sourceTree = "<group>"; };
		4BB8B31B1BC81FCD0056324B /* Assets.xcassets */ = {isa = PBXFileReference; lastKnownFileType = folder.assetcatalog; path = Assets.xcassets; sourceTree = "<group>"; };
		4BB8B31E1BC81FCD0056324B /* Base */ = {isa = PBXFileReference; lastKnownFileType = file.storyboard; name = Base; path = Base.lproj/LaunchScreen.storyboard; sourceTree = "<group>"; };
		4BB8B3201BC81FCD0056324B /* Info.plist */ = {isa = PBXFileReference; lastKnownFileType = text.plist.xml; path = Info.plist; sourceTree = "<group>"; };
		4BB8B3251BC81FCD0056324B /* emaTests.xctest */ = {isa = PBXFileReference; explicitFileType = wrapper.cfbundle; includeInIndex = 0; path = emaTests.xctest; sourceTree = BUILT_PRODUCTS_DIR; };
		4BB8B3291BC81FCD0056324B /* emaTests.swift */ = {isa = PBXFileReference; lastKnownFileType = sourcecode.swift; path = emaTests.swift; sourceTree = "<group>"; };
		4BB8B32B1BC81FCD0056324B /* Info.plist */ = {isa = PBXFileReference; lastKnownFileType = text.plist.xml; path = Info.plist; sourceTree = "<group>"; };
		4BB8B3301BC81FCD0056324B /* emaUITests.xctest */ = {isa = PBXFileReference; explicitFileType = wrapper.cfbundle; includeInIndex = 0; path = emaUITests.xctest; sourceTree = BUILT_PRODUCTS_DIR; };
		4BB8B3341BC81FCD0056324B /* emaUITests.swift */ = {isa = PBXFileReference; lastKnownFileType = sourcecode.swift; path = emaUITests.swift; sourceTree = "<group>"; };
		4BB8B3361BC81FCD0056324B /* Info.plist */ = {isa = PBXFileReference; lastKnownFileType = text.plist.xml; path = Info.plist; sourceTree = "<group>"; };
		8A8F002664F389DF76A9F10A /* Pods-ema.debug.xcconfig */ = {isa = PBXFileReference; includeInIndex = 1; lastKnownFileType = text.xcconfig; name = "Pods-ema.debug.xcconfig"; path = "Pods/Target Support Files/Pods-ema/Pods-ema.debug.xcconfig"; sourceTree = "<group>"; };
		8DD4414F9975408D1E305F2E /* Pods-emaTests.debug.xcconfig */ = {isa = PBXFileReference; includeInIndex = 1; lastKnownFileType = text.xcconfig; name = "Pods-emaTests.debug.xcconfig"; path = "Pods/Target Support Files/Pods-emaTests/Pods-emaTests.debug.xcconfig"; sourceTree = "<group>"; };
		9948FF11EE126EDD23BC8134 /* Pods_emaTests.framework */ = {isa = PBXFileReference; explicitFileType = wrapper.framework; includeInIndex = 0; path = Pods_emaTests.framework; sourceTree = BUILT_PRODUCTS_DIR; };
		E874C28F6FB3B3126F43728C /* Pods-ema.release.xcconfig */ = {isa = PBXFileReference; includeInIndex = 1; lastKnownFileType = text.xcconfig; name = "Pods-ema.release.xcconfig"; path = "Pods/Target Support Files/Pods-ema/Pods-ema.release.xcconfig"; sourceTree = "<group>"; };
/* End PBXFileReference section */

/* Begin PBXFrameworksBuildPhase section */
		4B88C7A11C7B9F2E003F3397 /* Frameworks */ = {
			isa = PBXFrameworksBuildPhase;
			buildActionMask = 2147483647;
			files = (
			);
			runOnlyForDeploymentPostprocessing = 0;
		};
		4BB8B30B1BC81FCD0056324B /* Frameworks */ = {
			isa = PBXFrameworksBuildPhase;
			buildActionMask = 2147483647;
			files = (
				4BB156DE1C7E5183002A1EAA /* ResearchKit.framework in Frameworks */,
				0013745ECD3321CB4CC30815 /* Pods_ema.framework in Frameworks */,
			);
			runOnlyForDeploymentPostprocessing = 0;
		};
		4BB8B3221BC81FCD0056324B /* Frameworks */ = {
			isa = PBXFrameworksBuildPhase;
			buildActionMask = 2147483647;
			files = (
				2A415ABAD6D5908A4CE7DF01 /* Pods_emaTests.framework in Frameworks */,
			);
			runOnlyForDeploymentPostprocessing = 0;
		};
		4BB8B32D1BC81FCD0056324B /* Frameworks */ = {
			isa = PBXFrameworksBuildPhase;
			buildActionMask = 2147483647;
			files = (
				1F62761EC86FF7DE1CB7F181 /* libPods-emaUITests.a in Frameworks */,
			);
			runOnlyForDeploymentPostprocessing = 0;
		};
/* End PBXFrameworksBuildPhase section */

/* Begin PBXGroup section */
		18D18E413FA4453C9BC53F7C /* Pods */ = {
			isa = PBXGroup;
			children = (
				8A8F002664F389DF76A9F10A /* Pods-ema.debug.xcconfig */,
				E874C28F6FB3B3126F43728C /* Pods-ema.release.xcconfig */,
				8DD4414F9975408D1E305F2E /* Pods-emaTests.debug.xcconfig */,
				0F59CA4C2F7F798005DF8E5C /* Pods-emaTests.release.xcconfig */,
				2DDCD3AC9B7F92BC3E374A67 /* Pods-emaUITests.debug.xcconfig */,
				245E0A83BBC7CCF7E55F9EC8 /* Pods-emaUITests.release.xcconfig */,
			);
			name = Pods;
			sourceTree = "<group>";
		};
		4B5183CD1C7E50B800A9379D /* Products */ = {
			isa = PBXGroup;
			children = (
				4B5183D31C7E50B900A9379D /* ResearchKit.framework */,
				4B5183D51C7E50B900A9379D /* ResearchKitTests.xctest */,
			);
			name = Products;
			sourceTree = "<group>";
		};
		4B88C7991C7B9F2D003F3397 /* watch */ = {
			isa = PBXGroup;
			children = (
				4B88C79A1C7B9F2D003F3397 /* Interface.storyboard */,
				4B88C79D1C7B9F2D003F3397 /* Assets.xcassets */,
				4B88C79F1C7B9F2D003F3397 /* Info.plist */,
			);
			path = watch;
			sourceTree = "<group>";
		};
		4B88C7A81C7B9F2E003F3397 /* watch Extension */ = {
			isa = PBXGroup;
			children = (
				4B88C7AB1C7B9F2E003F3397 /* InterfaceController.swift */,
				4B88C7AD1C7B9F2E003F3397 /* ExtensionDelegate.swift */,
				4B88C7AF1C7B9F2E003F3397 /* NotificationController.swift */,
				4B88C7B11C7B9F2E003F3397 /* Assets.xcassets */,
				4B88C7B31C7B9F2E003F3397 /* Info.plist */,
				4B88C7A91C7B9F2E003F3397 /* Supporting Files */,
			);
			path = "watch Extension";
			sourceTree = "<group>";
		};
		4B88C7A91C7B9F2E003F3397 /* Supporting Files */ = {
			isa = PBXGroup;
			children = (
				4B88C7AA1C7B9F2E003F3397 /* PushNotificationPayload.apns */,
			);
			name = "Supporting Files";
			sourceTree = "<group>";
		};
		4BB8B3051BC81FCD0056324B = {
			isa = PBXGroup;
			children = (
				4B5183CC1C7E50B800A9379D /* ResearchKit.xcodeproj */,
				4BB8B3101BC81FCD0056324B /* ema */,
				4BB8B3281BC81FCD0056324B /* emaTests */,
				4BB8B3331BC81FCD0056324B /* emaUITests */,
				4B88C7991C7B9F2D003F3397 /* watch */,
				4B88C7A81C7B9F2E003F3397 /* watch Extension */,
				4BB8B30F1BC81FCD0056324B /* Products */,
				18D18E413FA4453C9BC53F7C /* Pods */,
				F1BC1C42855E5E89060A1815 /* Frameworks */,
			);
			sourceTree = "<group>";
		};
		4BB8B30F1BC81FCD0056324B /* Products */ = {
			isa = PBXGroup;
			children = (
				4BB8B30E1BC81FCD0056324B /* Pam.app */,
				4BB8B3251BC81FCD0056324B /* emaTests.xctest */,
				4BB8B3301BC81FCD0056324B /* emaUITests.xctest */,
				4B88C7981C7B9F2D003F3397 /* watch.app */,
				4B88C7A41C7B9F2E003F3397 /* watch Extension.appex */,
			);
			name = Products;
			sourceTree = "<group>";
		};
		4BB8B3101BC81FCD0056324B /* ema */ = {
			isa = PBXGroup;
			children = (
				4BB8B3111BC81FCD0056324B /* AppDelegate.swift */,
				4BB8B3131BC81FCD0056324B /* ViewController.swift */,
				4BB8B3151BC81FCD0056324B /* Main.storyboard */,
				4BB8B31B1BC81FCD0056324B /* Assets.xcassets */,
				4BB8B31D1BC81FCD0056324B /* LaunchScreen.storyboard */,
				4BB8B3201BC81FCD0056324B /* Info.plist */,
				4BB8B3181BC81FCD0056324B /* ema.xcdatamodeld */,
			);
			path = ema;
			sourceTree = "<group>";
		};
		4BB8B3281BC81FCD0056324B /* emaTests */ = {
			isa = PBXGroup;
			children = (
				4BB8B3291BC81FCD0056324B /* emaTests.swift */,
				4BB8B32B1BC81FCD0056324B /* Info.plist */,
			);
			path = emaTests;
			sourceTree = "<group>";
		};
		4BB8B3331BC81FCD0056324B /* emaUITests */ = {
			isa = PBXGroup;
			children = (
				4BB8B3341BC81FCD0056324B /* emaUITests.swift */,
				4BB8B3361BC81FCD0056324B /* Info.plist */,
			);
			path = emaUITests;
			sourceTree = "<group>";
		};
		F1BC1C42855E5E89060A1815 /* Frameworks */ = {
			isa = PBXGroup;
			children = (
				19A6A1AE4FE2EF8695B4ADAA /* libPods-emaUITests.a */,
				12825806D205C7C7DC9B7F21 /* Pods_ema.framework */,
				9948FF11EE126EDD23BC8134 /* Pods_emaTests.framework */,
			);
			name = Frameworks;
			sourceTree = "<group>";
		};
/* End PBXGroup section */

/* Begin PBXNativeTarget section */
		4B88C7971C7B9F2D003F3397 /* watch */ = {
			isa = PBXNativeTarget;
			buildConfigurationList = 4B88C7BB1C7B9F2E003F3397 /* Build configuration list for PBXNativeTarget "watch" */;
			buildPhases = (
				4B88C7961C7B9F2D003F3397 /* Resources */,
				4B88C7BA1C7B9F2E003F3397 /* Embed App Extensions */,
			);
			buildRules = (
			);
			dependencies = (
				4B88C7A71C7B9F2E003F3397 /* PBXTargetDependency */,
			);
			name = watch;
			productName = watch;
			productReference = 4B88C7981C7B9F2D003F3397 /* watch.app */;
			productType = "com.apple.product-type.application.watchapp2";
		};
		4B88C7A31C7B9F2E003F3397 /* watch Extension */ = {
			isa = PBXNativeTarget;
			buildConfigurationList = 4B88C7B71C7B9F2E003F3397 /* Build configuration list for PBXNativeTarget "watch Extension" */;
			buildPhases = (
				4B88C7A01C7B9F2E003F3397 /* Sources */,
				4B88C7A11C7B9F2E003F3397 /* Frameworks */,
				4B88C7A21C7B9F2E003F3397 /* Resources */,
			);
			buildRules = (
			);
			dependencies = (
			);
			name = "watch Extension";
			productName = "watch Extension";
			productReference = 4B88C7A41C7B9F2E003F3397 /* watch Extension.appex */;
			productType = "com.apple.product-type.watchkit2-extension";
		};
		4BB8B30D1BC81FCD0056324B /* ema */ = {
			isa = PBXNativeTarget;
			buildConfigurationList = 4BB8B3391BC81FCD0056324B /* Build configuration list for PBXNativeTarget "ema" */;
			buildPhases = (
				EC0B61F6FBD9E97A19E58DF6 /* Check Pods Manifest.lock */,
				4BB8B30A1BC81FCD0056324B /* Sources */,
				4BB8B30B1BC81FCD0056324B /* Frameworks */,
				4BB8B30C1BC81FCD0056324B /* Resources */,
				887751B75A811509A7ED53C7 /* Copy Pods Resources */,
				133B4D029765C304EB137126 /* Embed Pods Frameworks */,
				4B88C7BE1C7B9F2E003F3397 /* Embed Watch Content */,
				4BB156E21C7E5183002A1EAA /* Embed Frameworks */,
			);
			buildRules = (
			);
			dependencies = (
				4B88C7B51C7B9F2E003F3397 /* PBXTargetDependency */,
				4BB156E11C7E5183002A1EAA /* PBXTargetDependency */,
			);
			name = ema;
			productName = ema;
			productReference = 4BB8B30E1BC81FCD0056324B /* Pam.app */;
			productType = "com.apple.product-type.application";
		};
		4BB8B3241BC81FCD0056324B /* emaTests */ = {
			isa = PBXNativeTarget;
			buildConfigurationList = 4BB8B33C1BC81FCD0056324B /* Build configuration list for PBXNativeTarget "emaTests" */;
			buildPhases = (
				10FDB0D1973AB0FD16EF4179 /* Check Pods Manifest.lock */,
				4BB8B3211BC81FCD0056324B /* Sources */,
				4BB8B3221BC81FCD0056324B /* Frameworks */,
				4BB8B3231BC81FCD0056324B /* Resources */,
				0B986FBE1EC7719DEED75768 /* Copy Pods Resources */,
				E3DF3669258A146FA16CE325 /* Embed Pods Frameworks */,
			);
			buildRules = (
			);
			dependencies = (
				4BB8B3271BC81FCD0056324B /* PBXTargetDependency */,
			);
			name = emaTests;
			productName = emaTests;
			productReference = 4BB8B3251BC81FCD0056324B /* emaTests.xctest */;
			productType = "com.apple.product-type.bundle.unit-test";
		};
		4BB8B32F1BC81FCD0056324B /* emaUITests */ = {
			isa = PBXNativeTarget;
			buildConfigurationList = 4BB8B33F1BC81FCD0056324B /* Build configuration list for PBXNativeTarget "emaUITests" */;
			buildPhases = (
				E3AECA662CF27BE3F08C09A4 /* Check Pods Manifest.lock */,
				4BB8B32C1BC81FCD0056324B /* Sources */,
				4BB8B32D1BC81FCD0056324B /* Frameworks */,
				4BB8B32E1BC81FCD0056324B /* Resources */,
				CE795E5BE9B8C4B19E57F3D1 /* Copy Pods Resources */,
			);
			buildRules = (
			);
			dependencies = (
				4BB8B3321BC81FCD0056324B /* PBXTargetDependency */,
			);
			name = emaUITests;
			productName = emaUITests;
			productReference = 4BB8B3301BC81FCD0056324B /* emaUITests.xctest */;
			productType = "com.apple.product-type.bundle.ui-testing";
		};
/* End PBXNativeTarget section */

/* Begin PBXProject section */
		4BB8B3061BC81FCD0056324B /* Project object */ = {
			isa = PBXProject;
			attributes = {
				LastSwiftUpdateCheck = 0720;
				LastUpgradeCheck = 0700;
				ORGANIZATIONNAME = RTI;
				TargetAttributes = {
					4B88C7971C7B9F2D003F3397 = {
						CreatedOnToolsVersion = 7.2.1;
						DevelopmentTeam = 35J8YXY799;
					};
					4B88C7A31C7B9F2E003F3397 = {
						CreatedOnToolsVersion = 7.2.1;
					};
					4BB8B30D1BC81FCD0056324B = {
						CreatedOnToolsVersion = 7.0.1;
						DevelopmentTeam = 35J8YXY799;
					};
					4BB8B3241BC81FCD0056324B = {
						CreatedOnToolsVersion = 7.0.1;
						TestTargetID = 4BB8B30D1BC81FCD0056324B;
					};
					4BB8B32F1BC81FCD0056324B = {
						CreatedOnToolsVersion = 7.0.1;
						TestTargetID = 4BB8B30D1BC81FCD0056324B;
					};
				};
			};
			buildConfigurationList = 4BB8B3091BC81FCD0056324B /* Build configuration list for PBXProject "ema" */;
			compatibilityVersion = "Xcode 3.2";
			developmentRegion = English;
			hasScannedForEncodings = 0;
			knownRegions = (
				en,
				Base,
			);
			mainGroup = 4BB8B3051BC81FCD0056324B;
			productRefGroup = 4BB8B30F1BC81FCD0056324B /* Products */;
			projectDirPath = "";
			projectReferences = (
				{
					ProductGroup = 4B5183CD1C7E50B800A9379D /* Products */;
					ProjectRef = 4B5183CC1C7E50B800A9379D /* ResearchKit.xcodeproj */;
				},
			);
			projectRoot = "";
			targets = (
				4BB8B30D1BC81FCD0056324B /* ema */,
				4BB8B3241BC81FCD0056324B /* emaTests */,
				4BB8B32F1BC81FCD0056324B /* emaUITests */,
				4B88C7971C7B9F2D003F3397 /* watch */,
				4B88C7A31C7B9F2E003F3397 /* watch Extension */,
			);
		};
/* End PBXProject section */

/* Begin PBXReferenceProxy section */
		4B5183D31C7E50B900A9379D /* ResearchKit.framework */ = {
			isa = PBXReferenceProxy;
			fileType = wrapper.framework;
			path = ResearchKit.framework;
			remoteRef = 4B5183D21C7E50B900A9379D /* PBXContainerItemProxy */;
			sourceTree = BUILT_PRODUCTS_DIR;
		};
		4B5183D51C7E50B900A9379D /* ResearchKitTests.xctest */ = {
			isa = PBXReferenceProxy;
			fileType = wrapper.cfbundle;
			path = ResearchKitTests.xctest;
			remoteRef = 4B5183D41C7E50B900A9379D /* PBXContainerItemProxy */;
			sourceTree = BUILT_PRODUCTS_DIR;
		};
/* End PBXReferenceProxy section */

/* Begin PBXResourcesBuildPhase section */
		4B88C7961C7B9F2D003F3397 /* Resources */ = {
			isa = PBXResourcesBuildPhase;
			buildActionMask = 2147483647;
			files = (
				4B88C79E1C7B9F2D003F3397 /* Assets.xcassets in Resources */,
				4B88C79C1C7B9F2D003F3397 /* Interface.storyboard in Resources */,
			);
			runOnlyForDeploymentPostprocessing = 0;
		};
		4B88C7A21C7B9F2E003F3397 /* Resources */ = {
			isa = PBXResourcesBuildPhase;
			buildActionMask = 2147483647;
			files = (
				4B88C7B21C7B9F2E003F3397 /* Assets.xcassets in Resources */,
			);
			runOnlyForDeploymentPostprocessing = 0;
		};
		4BB8B30C1BC81FCD0056324B /* Resources */ = {
			isa = PBXResourcesBuildPhase;
			buildActionMask = 2147483647;
			files = (
				4BB8B31F1BC81FCD0056324B /* LaunchScreen.storyboard in Resources */,
				4BB8B31C1BC81FCD0056324B /* Assets.xcassets in Resources */,
				4BB8B3171BC81FCD0056324B /* Main.storyboard in Resources */,
			);
			runOnlyForDeploymentPostprocessing = 0;
		};
		4BB8B3231BC81FCD0056324B /* Resources */ = {
			isa = PBXResourcesBuildPhase;
			buildActionMask = 2147483647;
			files = (
			);
			runOnlyForDeploymentPostprocessing = 0;
		};
		4BB8B32E1BC81FCD0056324B /* Resources */ = {
			isa = PBXResourcesBuildPhase;
			buildActionMask = 2147483647;
			files = (
			);
			runOnlyForDeploymentPostprocessing = 0;
		};
/* End PBXResourcesBuildPhase section */

/* Begin PBXShellScriptBuildPhase section */
		0B986FBE1EC7719DEED75768 /* Copy Pods Resources */ = {
			isa = PBXShellScriptBuildPhase;
			buildActionMask = 2147483647;
			files = (
			);
			inputPaths = (
			);
			name = "Copy Pods Resources";
			outputPaths = (
			);
			runOnlyForDeploymentPostprocessing = 0;
			shellPath = /bin/sh;
			shellScript = "\"${SRCROOT}/Pods/Target Support Files/Pods-emaTests/Pods-emaTests-resources.sh\"\n";
			showEnvVarsInLog = 0;
		};
		10FDB0D1973AB0FD16EF4179 /* Check Pods Manifest.lock */ = {
			isa = PBXShellScriptBuildPhase;
			buildActionMask = 2147483647;
			files = (
			);
			inputPaths = (
			);
			name = "Check Pods Manifest.lock";
			outputPaths = (
			);
			runOnlyForDeploymentPostprocessing = 0;
			shellPath = /bin/sh;
			shellScript = "diff \"${PODS_ROOT}/../Podfile.lock\" \"${PODS_ROOT}/Manifest.lock\" > /dev/null\nif [[ $? != 0 ]] ; then\n    cat << EOM\nerror: The sandbox is not in sync with the Podfile.lock. Run 'pod install' or update your CocoaPods installation.\nEOM\n    exit 1\nfi\n";
			showEnvVarsInLog = 0;
		};
		133B4D029765C304EB137126 /* Embed Pods Frameworks */ = {
			isa = PBXShellScriptBuildPhase;
			buildActionMask = 2147483647;
			files = (
			);
			inputPaths = (
			);
			name = "Embed Pods Frameworks";
			outputPaths = (
			);
			runOnlyForDeploymentPostprocessing = 0;
			shellPath = /bin/sh;
			shellScript = "\"${SRCROOT}/Pods/Target Support Files/Pods-ema/Pods-ema-frameworks.sh\"\n";
			showEnvVarsInLog = 0;
		};
		887751B75A811509A7ED53C7 /* Copy Pods Resources */ = {
			isa = PBXShellScriptBuildPhase;
			buildActionMask = 2147483647;
			files = (
			);
			inputPaths = (
			);
			name = "Copy Pods Resources";
			outputPaths = (
			);
			runOnlyForDeploymentPostprocessing = 0;
			shellPath = /bin/sh;
			shellScript = "\"${SRCROOT}/Pods/Target Support Files/Pods-ema/Pods-ema-resources.sh\"\n";
			showEnvVarsInLog = 0;
		};
		CE795E5BE9B8C4B19E57F3D1 /* Copy Pods Resources */ = {
			isa = PBXShellScriptBuildPhase;
			buildActionMask = 2147483647;
			files = (
			);
			inputPaths = (
			);
			name = "Copy Pods Resources";
			outputPaths = (
			);
			runOnlyForDeploymentPostprocessing = 0;
			shellPath = /bin/sh;
			shellScript = "\"${SRCROOT}/Pods/Target Support Files/Pods-emaUITests/Pods-emaUITests-resources.sh\"\n";
			showEnvVarsInLog = 0;
		};
		E3AECA662CF27BE3F08C09A4 /* Check Pods Manifest.lock */ = {
			isa = PBXShellScriptBuildPhase;
			buildActionMask = 2147483647;
			files = (
			);
			inputPaths = (
			);
			name = "Check Pods Manifest.lock";
			outputPaths = (
			);
			runOnlyForDeploymentPostprocessing = 0;
			shellPath = /bin/sh;
			shellScript = "diff \"${PODS_ROOT}/../Podfile.lock\" \"${PODS_ROOT}/Manifest.lock\" > /dev/null\nif [[ $? != 0 ]] ; then\n    cat << EOM\nerror: The sandbox is not in sync with the Podfile.lock. Run 'pod install' or update your CocoaPods installation.\nEOM\n    exit 1\nfi\n";
			showEnvVarsInLog = 0;
		};
		E3DF3669258A146FA16CE325 /* Embed Pods Frameworks */ = {
			isa = PBXShellScriptBuildPhase;
			buildActionMask = 2147483647;
			files = (
			);
			inputPaths = (
			);
			name = "Embed Pods Frameworks";
			outputPaths = (
			);
			runOnlyForDeploymentPostprocessing = 0;
			shellPath = /bin/sh;
			shellScript = "\"${SRCROOT}/Pods/Target Support Files/Pods-emaTests/Pods-emaTests-frameworks.sh\"\n";
			showEnvVarsInLog = 0;
		};
		EC0B61F6FBD9E97A19E58DF6 /* Check Pods Manifest.lock */ = {
			isa = PBXShellScriptBuildPhase;
			buildActionMask = 2147483647;
			files = (
			);
			inputPaths = (
			);
			name = "Check Pods Manifest.lock";
			outputPaths = (
			);
			runOnlyForDeploymentPostprocessing = 0;
			shellPath = /bin/sh;
			shellScript = "diff \"${PODS_ROOT}/../Podfile.lock\" \"${PODS_ROOT}/Manifest.lock\" > /dev/null\nif [[ $? != 0 ]] ; then\n    cat << EOM\nerror: The sandbox is not in sync with the Podfile.lock. Run 'pod install' or update your CocoaPods installation.\nEOM\n    exit 1\nfi\n";
			showEnvVarsInLog = 0;
		};
/* End PBXShellScriptBuildPhase section */

/* Begin PBXSourcesBuildPhase section */
		4B88C7A01C7B9F2E003F3397 /* Sources */ = {
			isa = PBXSourcesBuildPhase;
			buildActionMask = 2147483647;
			files = (
				4B88C7B01C7B9F2E003F3397 /* NotificationController.swift in Sources */,
				4B88C7AE1C7B9F2E003F3397 /* ExtensionDelegate.swift in Sources */,
				4B88C7AC1C7B9F2E003F3397 /* InterfaceController.swift in Sources */,
			);
			runOnlyForDeploymentPostprocessing = 0;
		};
		4BB8B30A1BC81FCD0056324B /* Sources */ = {
			isa = PBXSourcesBuildPhase;
			buildActionMask = 2147483647;
			files = (
				4BB8B3141BC81FCD0056324B /* ViewController.swift in Sources */,
				4BB8B3121BC81FCD0056324B /* AppDelegate.swift in Sources */,
				4BB8B31A1BC81FCD0056324B /* ema.xcdatamodeld in Sources */,
			);
			runOnlyForDeploymentPostprocessing = 0;
		};
		4BB8B3211BC81FCD0056324B /* Sources */ = {
			isa = PBXSourcesBuildPhase;
			buildActionMask = 2147483647;
			files = (
				4BB8B32A1BC81FCD0056324B /* emaTests.swift in Sources */,
			);
			runOnlyForDeploymentPostprocessing = 0;
		};
		4BB8B32C1BC81FCD0056324B /* Sources */ = {
			isa = PBXSourcesBuildPhase;
			buildActionMask = 2147483647;
			files = (
				4BB8B3351BC81FCD0056324B /* emaUITests.swift in Sources */,
			);
			runOnlyForDeploymentPostprocessing = 0;
		};
/* End PBXSourcesBuildPhase section */

/* Begin PBXTargetDependency section */
		4B88C7A71C7B9F2E003F3397 /* PBXTargetDependency */ = {
			isa = PBXTargetDependency;
			target = 4B88C7A31C7B9F2E003F3397 /* watch Extension */;
			targetProxy = 4B88C7A61C7B9F2E003F3397 /* PBXContainerItemProxy */;
		};
		4B88C7B51C7B9F2E003F3397 /* PBXTargetDependency */ = {
			isa = PBXTargetDependency;
			target = 4B88C7971C7B9F2D003F3397 /* watch */;
			targetProxy = 4B88C7B41C7B9F2E003F3397 /* PBXContainerItemProxy */;
		};
		4BB156E11C7E5183002A1EAA /* PBXTargetDependency */ = {
			isa = PBXTargetDependency;
			name = ResearchKit;
			targetProxy = 4BB156E01C7E5183002A1EAA /* PBXContainerItemProxy */;
		};
		4BB8B3271BC81FCD0056324B /* PBXTargetDependency */ = {
			isa = PBXTargetDependency;
			target = 4BB8B30D1BC81FCD0056324B /* ema */;
			targetProxy = 4BB8B3261BC81FCD0056324B /* PBXContainerItemProxy */;
		};
		4BB8B3321BC81FCD0056324B /* PBXTargetDependency */ = {
			isa = PBXTargetDependency;
			target = 4BB8B30D1BC81FCD0056324B /* ema */;
			targetProxy = 4BB8B3311BC81FCD0056324B /* PBXContainerItemProxy */;
		};
/* End PBXTargetDependency section */

/* Begin PBXVariantGroup section */
		4B88C79A1C7B9F2D003F3397 /* Interface.storyboard */ = {
			isa = PBXVariantGroup;
			children = (
				4B88C79B1C7B9F2D003F3397 /* Base */,
			);
			name = Interface.storyboard;
			sourceTree = "<group>";
		};
		4BB8B3151BC81FCD0056324B /* Main.storyboard */ = {
			isa = PBXVariantGroup;
			children = (
				4BB8B3161BC81FCD0056324B /* Base */,
			);
			name = Main.storyboard;
			sourceTree = "<group>";
		};
		4BB8B31D1BC81FCD0056324B /* LaunchScreen.storyboard */ = {
			isa = PBXVariantGroup;
			children = (
				4BB8B31E1BC81FCD0056324B /* Base */,
			);
			name = LaunchScreen.storyboard;
			sourceTree = "<group>";
		};
/* End PBXVariantGroup section */

/* Begin XCBuildConfiguration section */
		4B88C7B81C7B9F2E003F3397 /* Debug */ = {
			isa = XCBuildConfiguration;
			buildSettings = {
				INFOPLIST_FILE = "watch Extension/Info.plist";
				LD_RUNPATH_SEARCH_PATHS = "$(inherited) @executable_path/Frameworks @executable_path/../../Frameworks";
				PRODUCT_BUNDLE_IDENTIFIER = org.rti.pam.watchkitapp.watchkitextension;
				PRODUCT_NAME = "${TARGET_NAME}";
				SDKROOT = watchos;
				SKIP_INSTALL = YES;
				TARGETED_DEVICE_FAMILY = 4;
				WATCHOS_DEPLOYMENT_TARGET = 2.1;
			};
			name = Debug;
		};
		4B88C7B91C7B9F2E003F3397 /* Release */ = {
			isa = XCBuildConfiguration;
			buildSettings = {
				INFOPLIST_FILE = "watch Extension/Info.plist";
				LD_RUNPATH_SEARCH_PATHS = "$(inherited) @executable_path/Frameworks @executable_path/../../Frameworks";
				PRODUCT_BUNDLE_IDENTIFIER = org.rti.pam.watchkitapp.watchkitextension;
				PRODUCT_NAME = "${TARGET_NAME}";
				SDKROOT = watchos;
				SKIP_INSTALL = YES;
				TARGETED_DEVICE_FAMILY = 4;
				WATCHOS_DEPLOYMENT_TARGET = 2.1;
			};
			name = Release;
		};
		4B88C7BC1C7B9F2E003F3397 /* Debug */ = {
			isa = XCBuildConfiguration;
			buildSettings = {
				ASSETCATALOG_COMPILER_APPICON_NAME = AppIcon;
				CODE_SIGN_IDENTITY = "iPhone Developer";
				EMBEDDED_CONTENT_CONTAINS_SWIFT = YES;
				IBSC_MODULE = watch_Extension;
				INFOPLIST_FILE = watch/Info.plist;
				PRODUCT_BUNDLE_IDENTIFIER = org.rti.pam.watchkitapp;
				PRODUCT_NAME = "$(TARGET_NAME)";
				SDKROOT = watchos;
				SKIP_INSTALL = YES;
				TARGETED_DEVICE_FAMILY = 4;
				WATCHOS_DEPLOYMENT_TARGET = 2.1;
			};
			name = Debug;
		};
		4B88C7BD1C7B9F2E003F3397 /* Release */ = {
			isa = XCBuildConfiguration;
			buildSettings = {
				ASSETCATALOG_COMPILER_APPICON_NAME = AppIcon;
				CODE_SIGN_IDENTITY = "iPhone Developer";
				EMBEDDED_CONTENT_CONTAINS_SWIFT = YES;
				IBSC_MODULE = watch_Extension;
				INFOPLIST_FILE = watch/Info.plist;
				PRODUCT_BUNDLE_IDENTIFIER = org.rti.pam.watchkitapp;
				PRODUCT_NAME = "$(TARGET_NAME)";
				SDKROOT = watchos;
				SKIP_INSTALL = YES;
				TARGETED_DEVICE_FAMILY = 4;
				WATCHOS_DEPLOYMENT_TARGET = 2.1;
			};
			name = Release;
		};
		4BB8B3371BC81FCD0056324B /* Debug */ = {
			isa = XCBuildConfiguration;
			buildSettings = {
				ALWAYS_SEARCH_USER_PATHS = NO;
				CLANG_CXX_LANGUAGE_STANDARD = "gnu++0x";
				CLANG_CXX_LIBRARY = "libc++";
				CLANG_ENABLE_MODULES = YES;
				CLANG_ENABLE_OBJC_ARC = YES;
				CLANG_WARN_BOOL_CONVERSION = YES;
				CLANG_WARN_CONSTANT_CONVERSION = YES;
				CLANG_WARN_DIRECT_OBJC_ISA_USAGE = YES_ERROR;
				CLANG_WARN_EMPTY_BODY = YES;
				CLANG_WARN_ENUM_CONVERSION = YES;
				CLANG_WARN_INT_CONVERSION = YES;
				CLANG_WARN_OBJC_ROOT_CLASS = YES_ERROR;
				CLANG_WARN_UNREACHABLE_CODE = YES;
				CLANG_WARN__DUPLICATE_METHOD_MATCH = YES;
				"CODE_SIGN_IDENTITY[sdk=iphoneos*]" = "iPhone Developer";
				COPY_PHASE_STRIP = NO;
				DEBUG_INFORMATION_FORMAT = dwarf;
				ENABLE_STRICT_OBJC_MSGSEND = YES;
				ENABLE_TESTABILITY = YES;
				GCC_C_LANGUAGE_STANDARD = gnu99;
				GCC_DYNAMIC_NO_PIC = NO;
				GCC_NO_COMMON_BLOCKS = YES;
				GCC_OPTIMIZATION_LEVEL = 0;
				GCC_PREPROCESSOR_DEFINITIONS = (
					"DEBUG=1",
					"$(inherited)",
				);
				GCC_WARN_64_TO_32_BIT_CONVERSION = YES;
				GCC_WARN_ABOUT_RETURN_TYPE = YES_ERROR;
				GCC_WARN_UNDECLARED_SELECTOR = YES;
				GCC_WARN_UNINITIALIZED_AUTOS = YES_AGGRESSIVE;
				GCC_WARN_UNUSED_FUNCTION = YES;
				GCC_WARN_UNUSED_VARIABLE = YES;
				IPHONEOS_DEPLOYMENT_TARGET = 9.0;
				MTL_ENABLE_DEBUG_INFO = YES;
				ONLY_ACTIVE_ARCH = YES;
				SDKROOT = iphoneos;
				SWIFT_OPTIMIZATION_LEVEL = "-Onone";
			};
			name = Debug;
		};
		4BB8B3381BC81FCD0056324B /* Release */ = {
			isa = XCBuildConfiguration;
			buildSettings = {
				ALWAYS_SEARCH_USER_PATHS = NO;
				CLANG_CXX_LANGUAGE_STANDARD = "gnu++0x";
				CLANG_CXX_LIBRARY = "libc++";
				CLANG_ENABLE_MODULES = YES;
				CLANG_ENABLE_OBJC_ARC = YES;
				CLANG_WARN_BOOL_CONVERSION = YES;
				CLANG_WARN_CONSTANT_CONVERSION = YES;
				CLANG_WARN_DIRECT_OBJC_ISA_USAGE = YES_ERROR;
				CLANG_WARN_EMPTY_BODY = YES;
				CLANG_WARN_ENUM_CONVERSION = YES;
				CLANG_WARN_INT_CONVERSION = YES;
				CLANG_WARN_OBJC_ROOT_CLASS = YES_ERROR;
				CLANG_WARN_UNREACHABLE_CODE = YES;
				CLANG_WARN__DUPLICATE_METHOD_MATCH = YES;
				"CODE_SIGN_IDENTITY[sdk=iphoneos*]" = "iPhone Developer";
				COPY_PHASE_STRIP = NO;
				DEBUG_INFORMATION_FORMAT = "dwarf-with-dsym";
				ENABLE_NS_ASSERTIONS = NO;
				ENABLE_STRICT_OBJC_MSGSEND = YES;
				GCC_C_LANGUAGE_STANDARD = gnu99;
				GCC_NO_COMMON_BLOCKS = YES;
				GCC_WARN_64_TO_32_BIT_CONVERSION = YES;
				GCC_WARN_ABOUT_RETURN_TYPE = YES_ERROR;
				GCC_WARN_UNDECLARED_SELECTOR = YES;
				GCC_WARN_UNINITIALIZED_AUTOS = YES_AGGRESSIVE;
				GCC_WARN_UNUSED_FUNCTION = YES;
				GCC_WARN_UNUSED_VARIABLE = YES;
				IPHONEOS_DEPLOYMENT_TARGET = 9.0;
				MTL_ENABLE_DEBUG_INFO = NO;
				SDKROOT = iphoneos;
				VALIDATE_PRODUCT = YES;
			};
			name = Release;
		};
		4BB8B33A1BC81FCD0056324B /* Debug */ = {
			isa = XCBuildConfiguration;
			baseConfigurationReference = 8A8F002664F389DF76A9F10A /* Pods-ema.debug.xcconfig */;
			buildSettings = {
				ASSETCATALOG_COMPILER_APPICON_NAME = AppIcon;
				ASSETCATALOG_COMPILER_LAUNCHIMAGE_NAME = LaunchImage;
				CODE_SIGN_IDENTITY = "iPhone Developer";
				EMBEDDED_CONTENT_CONTAINS_SWIFT = YES;
				INFOPLIST_FILE = ema/Info.plist;
				LD_RUNPATH_SEARCH_PATHS = "$(inherited) @executable_path/Frameworks";
				PRODUCT_BUNDLE_IDENTIFIER = org.rti.pam;
				PRODUCT_NAME = Pam;
			};
			name = Debug;
		};
		4BB8B33B1BC81FCD0056324B /* Release */ = {
			isa = XCBuildConfiguration;
			baseConfigurationReference = E874C28F6FB3B3126F43728C /* Pods-ema.release.xcconfig */;
			buildSettings = {
				ASSETCATALOG_COMPILER_APPICON_NAME = AppIcon;
				ASSETCATALOG_COMPILER_LAUNCHIMAGE_NAME = LaunchImage;
				CODE_SIGN_IDENTITY = "iPhone Developer";
				EMBEDDED_CONTENT_CONTAINS_SWIFT = YES;
				INFOPLIST_FILE = ema/Info.plist;
				LD_RUNPATH_SEARCH_PATHS = "$(inherited) @executable_path/Frameworks";
				PRODUCT_BUNDLE_IDENTIFIER = org.rti.pam;
				PRODUCT_NAME = Pam;
			};
			name = Release;
		};
		4BB8B33D1BC81FCD0056324B /* Debug */ = {
			isa = XCBuildConfiguration;
			baseConfigurationReference = 8DD4414F9975408D1E305F2E /* Pods-emaTests.debug.xcconfig */;
			buildSettings = {
				BUNDLE_LOADER = "$(TEST_HOST)";
				INFOPLIST_FILE = emaTests/Info.plist;
				LD_RUNPATH_SEARCH_PATHS = "$(inherited) @executable_path/Frameworks @loader_path/Frameworks";
				PRODUCT_BUNDLE_IDENTIFIER = org.rti.emaTests;
				PRODUCT_NAME = "$(TARGET_NAME)";
				TEST_HOST = "$(BUILT_PRODUCTS_DIR)/ema.app/ema";
			};
			name = Debug;
		};
		4BB8B33E1BC81FCD0056324B /* Release */ = {
			isa = XCBuildConfiguration;
			baseConfigurationReference = 0F59CA4C2F7F798005DF8E5C /* Pods-emaTests.release.xcconfig */;
			buildSettings = {
				BUNDLE_LOADER = "$(TEST_HOST)";
				INFOPLIST_FILE = emaTests/Info.plist;
				LD_RUNPATH_SEARCH_PATHS = "$(inherited) @executable_path/Frameworks @loader_path/Frameworks";
				PRODUCT_BUNDLE_IDENTIFIER = org.rti.emaTests;
				PRODUCT_NAME = "$(TARGET_NAME)";
				TEST_HOST = "$(BUILT_PRODUCTS_DIR)/ema.app/ema";
			};
			name = Release;
		};
		4BB8B3401BC81FCD0056324B /* Debug */ = {
			isa = XCBuildConfiguration;
			baseConfigurationReference = 2DDCD3AC9B7F92BC3E374A67 /* Pods-emaUITests.debug.xcconfig */;
			buildSettings = {
				INFOPLIST_FILE = emaUITests/Info.plist;
				LD_RUNPATH_SEARCH_PATHS = "$(inherited) @executable_path/Frameworks @loader_path/Frameworks";
				PRODUCT_BUNDLE_IDENTIFIER = org.rti.emaUITests;
				PRODUCT_NAME = "$(TARGET_NAME)";
				TEST_TARGET_NAME = ema;
				USES_XCTRUNNER = YES;
			};
			name = Debug;
		};
		4BB8B3411BC81FCD0056324B /* Release */ = {
			isa = XCBuildConfiguration;
			baseConfigurationReference = 245E0A83BBC7CCF7E55F9EC8 /* Pods-emaUITests.release.xcconfig */;
			buildSettings = {
				INFOPLIST_FILE = emaUITests/Info.plist;
				LD_RUNPATH_SEARCH_PATHS = "$(inherited) @executable_path/Frameworks @loader_path/Frameworks";
				PRODUCT_BUNDLE_IDENTIFIER = org.rti.emaUITests;
				PRODUCT_NAME = "$(TARGET_NAME)";
				TEST_TARGET_NAME = ema;
				USES_XCTRUNNER = YES;
			};
			name = Release;
		};
/* End XCBuildConfiguration section */

/* Begin XCConfigurationList section */
		4B88C7B71C7B9F2E003F3397 /* Build configuration list for PBXNativeTarget "watch Extension" */ = {
			isa = XCConfigurationList;
			buildConfigurations = (
				4B88C7B81C7B9F2E003F3397 /* Debug */,
				4B88C7B91C7B9F2E003F3397 /* Release */,
			);
			defaultConfigurationIsVisible = 0;
			defaultConfigurationName = Release;
		};
		4B88C7BB1C7B9F2E003F3397 /* Build configuration list for PBXNativeTarget "watch" */ = {
			isa = XCConfigurationList;
			buildConfigurations = (
				4B88C7BC1C7B9F2E003F3397 /* Debug */,
				4B88C7BD1C7B9F2E003F3397 /* Release */,
			);
			defaultConfigurationIsVisible = 0;
			defaultConfigurationName = Release;
		};
		4BB8B3091BC81FCD0056324B /* Build configuration list for PBXProject "ema" */ = {
			isa = XCConfigurationList;
			buildConfigurations = (
				4BB8B3371BC81FCD0056324B /* Debug */,
				4BB8B3381BC81FCD0056324B /* Release */,
			);
			defaultConfigurationIsVisible = 0;
			defaultConfigurationName = Release;
		};
		4BB8B3391BC81FCD0056324B /* Build configuration list for PBXNativeTarget "ema" */ = {
			isa = XCConfigurationList;
			buildConfigurations = (
				4BB8B33A1BC81FCD0056324B /* Debug */,
				4BB8B33B1BC81FCD0056324B /* Release */,
			);
			defaultConfigurationIsVisible = 0;
			defaultConfigurationName = Release;
		};
		4BB8B33C1BC81FCD0056324B /* Build configuration list for PBXNativeTarget "emaTests" */ = {
			isa = XCConfigurationList;
			buildConfigurations = (
				4BB8B33D1BC81FCD0056324B /* Debug */,
				4BB8B33E1BC81FCD0056324B /* Release */,
			);
			defaultConfigurationIsVisible = 0;
			defaultConfigurationName = Release;
		};
		4BB8B33F1BC81FCD0056324B /* Build configuration list for PBXNativeTarget "emaUITests" */ = {
			isa = XCConfigurationList;
			buildConfigurations = (
				4BB8B3401BC81FCD0056324B /* Debug */,
				4BB8B3411BC81FCD0056324B /* Release */,
			);
			defaultConfigurationIsVisible = 0;
			defaultConfigurationName = Release;
		};
/* End XCConfigurationList section */

/* Begin XCVersionGroup section */
		4BB8B3181BC81FCD0056324B /* ema.xcdatamodeld */ = {
			isa = XCVersionGroup;
			children = (
				4BB8B3191BC81FCD0056324B /* ema.xcdatamodel */,
			);
			currentVersion = 4BB8B3191BC81FCD0056324B /* ema.xcdatamodel */;
			path = ema.xcdatamodeld;
			sourceTree = "<group>";
			versionGroupType = wrapper.xcdatamodel;
		};
/* End XCVersionGroup section */
	};
	rootObject = 4BB8B3061BC81FCD0056324B /* Project object */;
}
